// !$*UTF8*$!
{
	archiveVersion = 1;
	classes = {
	};
	objectVersion = 46;
	objects = {

/* Begin PBXBuildFile section */
		43796BE042C0F9972053D2F5 /* libPods-WalkedTheLoad.a in Frameworks */ = {isa = PBXBuildFile; fileRef = 16A55C5D1CAA0ADE8927EB64 /* libPods-WalkedTheLoad.a */; };
		5B599AF71D4C7E22002327A7 /* citydict.plist in Resources */ = {isa = PBXBuildFile; fileRef = 5B599AF61D4C7E22002327A7 /* citydict.plist */; };
		5B599AFD1D4CAB13002327A7 /* JYDataManager.m in Sources */ = {isa = PBXBuildFile; fileRef = 5B599AFC1D4CAB13002327A7 /* JYDataManager.m */; };
		5B8350011D52EAC00009634C /* JYScanErWeiCode.m in Sources */ = {isa = PBXBuildFile; fileRef = 5B834FFC1D52EAC00009634C /* JYScanErWeiCode.m */; };
		5B83501D1D52EC540009634C /* JYCityChoiceController.m in Sources */ = {isa = PBXBuildFile; fileRef = 5B8350071D52EC540009634C /* JYCityChoiceController.m */; };
		5B83501E1D52EC540009634C /* JYAllCity.m in Sources */ = {isa = PBXBuildFile; fileRef = 5B83500B1D52EC540009634C /* JYAllCity.m */; };
		5B83501F1D52EC540009634C /* JYArealist.m in Sources */ = {isa = PBXBuildFile; fileRef = 5B83500D1D52EC540009634C /* JYArealist.m */; };
		5B8350201D52EC540009634C /* JYCityData.m in Sources */ = {isa = PBXBuildFile; fileRef = 5B83500F1D52EC540009634C /* JYCityData.m */; };
		5B8350211D52EC540009634C /* JYCityList.m in Sources */ = {isa = PBXBuildFile; fileRef = 5B8350111D52EC540009634C /* JYCityList.m */; };
		5B8350221D52EC540009634C /* JYProvinceList.m in Sources */ = {isa = PBXBuildFile; fileRef = 5B8350131D52EC540009634C /* JYProvinceList.m */; };
		5B8350231D52EC540009634C /* JYCityShowCell.m in Sources */ = {isa = PBXBuildFile; fileRef = 5B8350161D52EC540009634C /* JYCityShowCell.m */; };
		5B8350241D52EC540009634C /* JYHotCityCell.m in Sources */ = {isa = PBXBuildFile; fileRef = 5B8350181D52EC540009634C /* JYHotCityCell.m */; };
		5B8350251D52EC540009634C /* JYLocationCell.m in Sources */ = {isa = PBXBuildFile; fileRef = 5B83501A1D52EC540009634C /* JYLocationCell.m */; };
		5B8350261D52EC540009634C /* JYSearchBarCell.m in Sources */ = {isa = PBXBuildFile; fileRef = 5B83501C1D52EC540009634C /* JYSearchBarCell.m */; };
		5B8350311D52ECA00009634C /* JYHomeController.m in Sources */ = {isa = PBXBuildFile; fileRef = 5B83502A1D52ECA00009634C /* JYHomeController.m */; };
		5B8350321D52ECA00009634C /* JYEjectMenu.m in Sources */ = {isa = PBXBuildFile; fileRef = 5B83502E1D52ECA00009634C /* JYEjectMenu.m */; };
		5B8350331D52ECA00009634C /* JYMenuBtn.m in Sources */ = {isa = PBXBuildFile; fileRef = 5B8350301D52ECA00009634C /* JYMenuBtn.m */; };
		5B83503B1D52ED500009634C /* JYScanController.m in Sources */ = {isa = PBXBuildFile; fileRef = 5B83503A1D52ED500009634C /* JYScanController.m */; };
		5B83503E1D53163B0009634C /* JYNavigationController.m in Sources */ = {isa = PBXBuildFile; fileRef = 5B83503D1D53163B0009634C /* JYNavigationController.m */; };
		5B8350431D53281F0009634C /* JYPreviewView.m in Sources */ = {isa = PBXBuildFile; fileRef = 5B8350401D53281F0009634C /* JYPreviewView.m */; };
		5B8350441D53281F0009634C /* JYScanBgView.m in Sources */ = {isa = PBXBuildFile; fileRef = 5B8350421D53281F0009634C /* JYScanBgView.m */; };
		5B8481AF1D548E4E0069199A /* JYBackgroundView.m in Sources */ = {isa = PBXBuildFile; fileRef = 5B8481AE1D548E4E0069199A /* JYBackgroundView.m */; };
		5B8856CD1D4C476D007C3BAF /* citydata.plist in Resources */ = {isa = PBXBuildFile; fileRef = 5B8856CC1D4C476D007C3BAF /* citydata.plist */; };
		5B8856D01D4C4803007C3BAF /* JYLocation.m in Sources */ = {isa = PBXBuildFile; fileRef = 5B8856CF1D4C4803007C3BAF /* JYLocation.m */; };
		5B8856DB1D4C4E62007C3BAF /* city.plist in Resources */ = {isa = PBXBuildFile; fileRef = 5B8856DA1D4C4E62007C3BAF /* city.plist */; };
		5B8F692D1D4B2EFD008C309B /* main.m in Sources */ = {isa = PBXBuildFile; fileRef = 5B8F692C1D4B2EFD008C309B /* main.m */; };
		5B8F69301D4B2EFD008C309B /* AppDelegate.m in Sources */ = {isa = PBXBuildFile; fileRef = 5B8F692F1D4B2EFD008C309B /* AppDelegate.m */; };
		5B8F69381D4B2EFD008C309B /* Assets.xcassets in Resources */ = {isa = PBXBuildFile; fileRef = 5B8F69371D4B2EFD008C309B /* Assets.xcassets */; };
		5B8F693B1D4B2EFD008C309B /* LaunchScreen.storyboard in Resources */ = {isa = PBXBuildFile; fileRef = 5B8F69391D4B2EFD008C309B /* LaunchScreen.storyboard */; };
		5B8F69461D4B2EFD008C309B /* WalkedTheLoadTests.m in Sources */ = {isa = PBXBuildFile; fileRef = 5B8F69451D4B2EFD008C309B /* WalkedTheLoadTests.m */; };
		5B8F69511D4B2EFD008C309B /* WalkedTheLoadUITests.m in Sources */ = {isa = PBXBuildFile; fileRef = 5B8F69501D4B2EFD008C309B /* WalkedTheLoadUITests.m */; };
		5B8F697D1D4B4DCF008C309B /* JYNSString+Extension.m in Sources */ = {isa = PBXBuildFile; fileRef = 5B8F69781D4B4DCF008C309B /* JYNSString+Extension.m */; };
		5B8F697E1D4B4DCF008C309B /* UIImage+CKExtension.m in Sources */ = {isa = PBXBuildFile; fileRef = 5B8F697A1D4B4DCF008C309B /* UIImage+CKExtension.m */; };
		5B8F697F1D4B4DCF008C309B /* UIView+Extension.m in Sources */ = {isa = PBXBuildFile; fileRef = 5B8F697C1D4B4DCF008C309B /* UIView+Extension.m */; };
		5B93CE0C1D59BCC700BF6041 /* JARoundCell.m in Sources */ = {isa = PBXBuildFile; fileRef = 5B93CE061D59BCC700BF6041 /* JARoundCell.m */; };
		5B93CE0D1D59BCC700BF6041 /* JARoundCell.xib in Resources */ = {isa = PBXBuildFile; fileRef = 5B93CE071D59BCC700BF6041 /* JARoundCell.xib */; };
		5B93CE0E1D59BCC700BF6041 /* LXRoundLayout.m in Sources */ = {isa = PBXBuildFile; fileRef = 5B93CE091D59BCC700BF6041 /* LXRoundLayout.m */; };
		5B93CE0F1D59BCC700BF6041 /* LXRoundView.m in Sources */ = {isa = PBXBuildFile; fileRef = 5B93CE0B1D59BCC700BF6041 /* LXRoundView.m */; };
		5B93CE131D59D0A900BF6041 /* JYRollingView.m in Sources */ = {isa = PBXBuildFile; fileRef = 5B93CE121D59D0A900BF6041 /* JYRollingView.m */; };
		5B991C371D5814F7000B58C9 /* JYContentView.m in Sources */ = {isa = PBXBuildFile; fileRef = 5B991C361D5814F7000B58C9 /* JYContentView.m */; };
		5B991C391D581511000B58C9 /* JYContentView.xib in Resources */ = {isa = PBXBuildFile; fileRef = 5B991C381D581511000B58C9 /* JYContentView.xib */; };
		5B991C3C1D582505000B58C9 /* JYSignUpOnController.m in Sources */ = {isa = PBXBuildFile; fileRef = 5B991C3B1D582505000B58C9 /* JYSignUpOnController.m */; };
		5B991C3F1D582B22000B58C9 /* JYSignOnController.m in Sources */ = {isa = PBXBuildFile; fileRef = 5B991C3E1D582B22000B58C9 /* JYSignOnController.m */; };
		5B991C421D58345D000B58C9 /* JYSignUpController.m in Sources */ = {isa = PBXBuildFile; fileRef = 5B991C411D58345D000B58C9 /* JYSignUpController.m */; };
		5B991C471D586CE2000B58C9 /* MOBFoundation.framework in Frameworks */ = {isa = PBXBuildFile; fileRef = 5B991C451D586CE2000B58C9 /* MOBFoundation.framework */; };
		5B991C481D586CE2000B58C9 /* SMS_SDK.framework in Frameworks */ = {isa = PBXBuildFile; fileRef = 5B991C461D586CE2000B58C9 /* SMS_SDK.framework */; };
		5B991C4A1D586D2D000B58C9 /* libz.tbd in Frameworks */ = {isa = PBXBuildFile; fileRef = 5B991C491D586D2C000B58C9 /* libz.tbd */; };
		5B991C4C1D586D38000B58C9 /* libicucore.tbd in Frameworks */ = {isa = PBXBuildFile; fileRef = 5B991C4B1D586D38000B58C9 /* libicucore.tbd */; };
		5B991C4E1D586D41000B58C9 /* MessageUI.framework in Frameworks */ = {isa = PBXBuildFile; fileRef = 5B991C4D1D586D41000B58C9 /* MessageUI.framework */; };
		5B991C501D586D4B000B58C9 /* JavaScriptCore.framework in Frameworks */ = {isa = PBXBuildFile; fileRef = 5B991C4F1D586D4B000B58C9 /* JavaScriptCore.framework */; };
		5B991C521D586D53000B58C9 /* libstdc++.tbd in Frameworks */ = {isa = PBXBuildFile; fileRef = 5B991C511D586D53000B58C9 /* libstdc++.tbd */; };
		5B991C561D588C01000B58C9 /* UIScrollView+HeaderScaleImage.m in Sources */ = {isa = PBXBuildFile; fileRef = 5B991C551D588C01000B58C9 /* UIScrollView+HeaderScaleImage.m */; };
		5B991C591D588C81000B58C9 /* JYMineController.m in Sources */ = {isa = PBXBuildFile; fileRef = 5B991C581D588C81000B58C9 /* JYMineController.m */; };
		5B9F331F1D66A01600CAEDAD /* SystemConfiguration.framework in Frameworks */ = {isa = PBXBuildFile; fileRef = 5B9F331E1D66A01600CAEDAD /* SystemConfiguration.framework */; };
		5B9F33211D66A02700CAEDAD /* libsqlite3.0.tbd in Frameworks */ = {isa = PBXBuildFile; fileRef = 5B9F33201D66A02700CAEDAD /* libsqlite3.0.tbd */; };
		5B9F33231D66A03100CAEDAD /* libc++.tbd in Frameworks */ = {isa = PBXBuildFile; fileRef = 5B9F33221D66A03100CAEDAD /* libc++.tbd */; };
		5BA05DC01D6BF2D000D5BC8B /* JYEducationController.m in Sources */ = {isa = PBXBuildFile; fileRef = 5BA05DB71D6BF2D000D5BC8B /* JYEducationController.m */; };
		5BA05DC11D6BF2D000D5BC8B /* Education.plist in Resources */ = {isa = PBXBuildFile; fileRef = 5BA05DB91D6BF2D000D5BC8B /* Education.plist */; };
		5BA05DC21D6BF2D000D5BC8B /* JYEducation.m in Sources */ = {isa = PBXBuildFile; fileRef = 5BA05DBB1D6BF2D000D5BC8B /* JYEducation.m */; };
		5BA05DC31D6BF2D000D5BC8B /* JYEducationCell.m in Sources */ = {isa = PBXBuildFile; fileRef = 5BA05DBE1D6BF2D000D5BC8B /* JYEducationCell.m */; };
		5BA05DC41D6BF2D000D5BC8B /* JYEducationCell.xib in Resources */ = {isa = PBXBuildFile; fileRef = 5BA05DBF1D6BF2D000D5BC8B /* JYEducationCell.xib */; };
		5BAC83001D5B14B30038A454 /* JYTitleScroller.m in Sources */ = {isa = PBXBuildFile; fileRef = 5BAC82FF1D5B14B30038A454 /* JYTitleScroller.m */; };
		5BAC83051D5B14FD0038A454 /* JYMineHeadView.m in Sources */ = {isa = PBXBuildFile; fileRef = 5BAC83041D5B14FD0038A454 /* JYMineHeadView.m */; };
		5BAC83081D5B15180038A454 /* JYMineCell.m in Sources */ = {isa = PBXBuildFile; fileRef = 5BAC83071D5B15180038A454 /* JYMineCell.m */; };
		5BD5DB101D6AED8E00A2988E /* JYShowErWeiCodeView.m in Sources */ = {isa = PBXBuildFile; fileRef = 5BD5DB0F1D6AED8E00A2988E /* JYShowErWeiCodeView.m */; };
		6A695E063E9882AE5C9AB516 /* libPods-WalkedTheLoadTests.a in Frameworks */ = {isa = PBXBuildFile; fileRef = D91E430B43D0EF0CF9B769D6 /* libPods-WalkedTheLoadTests.a */; };
		846A760E1D5237990017A4AC /* JYTabBarController.m in Sources */ = {isa = PBXBuildFile; fileRef = 846A760D1D5237990017A4AC /* JYTabBarController.m */; };
		846A761E1D5238F40017A4AC /* JYLifeController.m in Sources */ = {isa = PBXBuildFile; fileRef = 846A761D1D5238F40017A4AC /* JYLifeController.m */; };
		846A76241D5239190017A4AC /* JYStudyController.m in Sources */ = {isa = PBXBuildFile; fileRef = 846A76231D5239190017A4AC /* JYStudyController.m */; };
		846A762D1D5239410017A4AC /* JYNewsController.m in Sources */ = {isa = PBXBuildFile; fileRef = 846A762C1D5239410017A4AC /* JYNewsController.m */; };
/* End PBXBuildFile section */

/* Begin PBXContainerItemProxy section */
		5B8F69421D4B2EFD008C309B /* PBXContainerItemProxy */ = {
			isa = PBXContainerItemProxy;
			containerPortal = 5B8F69201D4B2EFD008C309B /* Project object */;
			proxyType = 1;
			remoteGlobalIDString = 5B8F69271D4B2EFD008C309B;
			remoteInfo = WalkedTheLoad;
		};
		5B8F694D1D4B2EFD008C309B /* PBXContainerItemProxy */ = {
			isa = PBXContainerItemProxy;
			containerPortal = 5B8F69201D4B2EFD008C309B /* Project object */;
			proxyType = 1;
			remoteGlobalIDString = 5B8F69271D4B2EFD008C309B;
			remoteInfo = WalkedTheLoad;
		};
/* End PBXContainerItemProxy section */

/* Begin PBXFileReference section */
		15F1E2638791E1789C1100DE /* Pods-WalkedTheLoadTests.release.xcconfig */ = {isa = PBXFileReference; includeInIndex = 1; lastKnownFileType = text.xcconfig; name = "Pods-WalkedTheLoadTests.release.xcconfig"; path = "Pods/Target Support Files/Pods-WalkedTheLoadTests/Pods-WalkedTheLoadTests.release.xcconfig"; sourceTree = "<group>"; };
		16A55C5D1CAA0ADE8927EB64 /* libPods-WalkedTheLoad.a */ = {isa = PBXFileReference; explicitFileType = archive.ar; includeInIndex = 0; path = "libPods-WalkedTheLoad.a"; sourceTree = BUILT_PRODUCTS_DIR; };
		24A71CBFEB67C59C69D49ADB /* Pods-WalkedTheLoad.release.xcconfig */ = {isa = PBXFileReference; includeInIndex = 1; lastKnownFileType = text.xcconfig; name = "Pods-WalkedTheLoad.release.xcconfig"; path = "Pods/Target Support Files/Pods-WalkedTheLoad/Pods-WalkedTheLoad.release.xcconfig"; sourceTree = "<group>"; };
		4FD851DBF2DDD34C2861072C /* Pods-WalkedTheLoad.debug.xcconfig */ = {isa = PBXFileReference; includeInIndex = 1; lastKnownFileType = text.xcconfig; name = "Pods-WalkedTheLoad.debug.xcconfig"; path = "Pods/Target Support Files/Pods-WalkedTheLoad/Pods-WalkedTheLoad.debug.xcconfig"; sourceTree = "<group>"; };
		5B599AF61D4C7E22002327A7 /* citydict.plist */ = {isa = PBXFileReference; fileEncoding = 4; lastKnownFileType = text.plist.xml; path = citydict.plist; sourceTree = "<group>"; };
		5B599AFB1D4CAB13002327A7 /* JYDataManager.h */ = {isa = PBXFileReference; fileEncoding = 4; lastKnownFileType = sourcecode.c.h; path = JYDataManager.h; sourceTree = "<group>"; };
		5B599AFC1D4CAB13002327A7 /* JYDataManager.m */ = {isa = PBXFileReference; fileEncoding = 4; lastKnownFileType = sourcecode.c.objc; path = JYDataManager.m; sourceTree = "<group>"; };
		5B834FFB1D52EAC00009634C /* JYScanErWeiCode.h */ = {isa = PBXFileReference; fileEncoding = 4; lastKnownFileType = sourcecode.c.h; path = JYScanErWeiCode.h; sourceTree = "<group>"; };
		5B834FFC1D52EAC00009634C /* JYScanErWeiCode.m */ = {isa = PBXFileReference; fileEncoding = 4; lastKnownFileType = sourcecode.c.objc; path = JYScanErWeiCode.m; sourceTree = "<group>"; };
		5B8350061D52EC540009634C /* JYCityChoiceController.h */ = {isa = PBXFileReference; fileEncoding = 4; lastKnownFileType = sourcecode.c.h; path = JYCityChoiceController.h; sourceTree = "<group>"; };
		5B8350071D52EC540009634C /* JYCityChoiceController.m */ = {isa = PBXFileReference; fileEncoding = 4; lastKnownFileType = sourcecode.c.objc; path = JYCityChoiceController.m; sourceTree = "<group>"; };
		5B83500A1D52EC540009634C /* JYAllCity.h */ = {isa = PBXFileReference; fileEncoding = 4; lastKnownFileType = sourcecode.c.h; path = JYAllCity.h; sourceTree = "<group>"; };
		5B83500B1D52EC540009634C /* JYAllCity.m */ = {isa = PBXFileReference; fileEncoding = 4; lastKnownFileType = sourcecode.c.objc; path = JYAllCity.m; sourceTree = "<group>"; };
		5B83500C1D52EC540009634C /* JYArealist.h */ = {isa = PBXFileReference; fileEncoding = 4; lastKnownFileType = sourcecode.c.h; path = JYArealist.h; sourceTree = "<group>"; };
		5B83500D1D52EC540009634C /* JYArealist.m */ = {isa = PBXFileReference; fileEncoding = 4; lastKnownFileType = sourcecode.c.objc; path = JYArealist.m; sourceTree = "<group>"; };
		5B83500E1D52EC540009634C /* JYCityData.h */ = {isa = PBXFileReference; fileEncoding = 4; lastKnownFileType = sourcecode.c.h; path = JYCityData.h; sourceTree = "<group>"; };
		5B83500F1D52EC540009634C /* JYCityData.m */ = {isa = PBXFileReference; fileEncoding = 4; lastKnownFileType = sourcecode.c.objc; path = JYCityData.m; sourceTree = "<group>"; };
		5B8350101D52EC540009634C /* JYCityList.h */ = {isa = PBXFileReference; fileEncoding = 4; lastKnownFileType = sourcecode.c.h; path = JYCityList.h; sourceTree = "<group>"; };
		5B8350111D52EC540009634C /* JYCityList.m */ = {isa = PBXFileReference; fileEncoding = 4; lastKnownFileType = sourcecode.c.objc; path = JYCityList.m; sourceTree = "<group>"; };
		5B8350121D52EC540009634C /* JYProvinceList.h */ = {isa = PBXFileReference; fileEncoding = 4; lastKnownFileType = sourcecode.c.h; path = JYProvinceList.h; sourceTree = "<group>"; };
		5B8350131D52EC540009634C /* JYProvinceList.m */ = {isa = PBXFileReference; fileEncoding = 4; lastKnownFileType = sourcecode.c.objc; path = JYProvinceList.m; sourceTree = "<group>"; };
		5B8350151D52EC540009634C /* JYCityShowCell.h */ = {isa = PBXFileReference; fileEncoding = 4; lastKnownFileType = sourcecode.c.h; path = JYCityShowCell.h; sourceTree = "<group>"; };
		5B8350161D52EC540009634C /* JYCityShowCell.m */ = {isa = PBXFileReference; fileEncoding = 4; lastKnownFileType = sourcecode.c.objc; path = JYCityShowCell.m; sourceTree = "<group>"; };
		5B8350171D52EC540009634C /* JYHotCityCell.h */ = {isa = PBXFileReference; fileEncoding = 4; lastKnownFileType = sourcecode.c.h; path = JYHotCityCell.h; sourceTree = "<group>"; };
		5B8350181D52EC540009634C /* JYHotCityCell.m */ = {isa = PBXFileReference; fileEncoding = 4; lastKnownFileType = sourcecode.c.objc; path = JYHotCityCell.m; sourceTree = "<group>"; };
		5B8350191D52EC540009634C /* JYLocationCell.h */ = {isa = PBXFileReference; fileEncoding = 4; lastKnownFileType = sourcecode.c.h; path = JYLocationCell.h; sourceTree = "<group>"; };
		5B83501A1D52EC540009634C /* JYLocationCell.m */ = {isa = PBXFileReference; fileEncoding = 4; lastKnownFileType = sourcecode.c.objc; path = JYLocationCell.m; sourceTree = "<group>"; };
		5B83501B1D52EC540009634C /* JYSearchBarCell.h */ = {isa = PBXFileReference; fileEncoding = 4; lastKnownFileType = sourcecode.c.h; path = JYSearchBarCell.h; sourceTree = "<group>"; };
		5B83501C1D52EC540009634C /* JYSearchBarCell.m */ = {isa = PBXFileReference; fileEncoding = 4; lastKnownFileType = sourcecode.c.objc; path = JYSearchBarCell.m; sourceTree = "<group>"; };
		5B8350291D52ECA00009634C /* JYHomeController.h */ = {isa = PBXFileReference; fileEncoding = 4; lastKnownFileType = sourcecode.c.h; path = JYHomeController.h; sourceTree = "<group>"; };
		5B83502A1D52ECA00009634C /* JYHomeController.m */ = {isa = PBXFileReference; fileEncoding = 4; lastKnownFileType = sourcecode.c.objc; path = JYHomeController.m; sourceTree = "<group>"; };
		5B83502D1D52ECA00009634C /* JYEjectMenu.h */ = {isa = PBXFileReference; fileEncoding = 4; lastKnownFileType = sourcecode.c.h; path = JYEjectMenu.h; sourceTree = "<group>"; };
		5B83502E1D52ECA00009634C /* JYEjectMenu.m */ = {isa = PBXFileReference; fileEncoding = 4; lastKnownFileType = sourcecode.c.objc; path = JYEjectMenu.m; sourceTree = "<group>"; };
		5B83502F1D52ECA00009634C /* JYMenuBtn.h */ = {isa = PBXFileReference; fileEncoding = 4; lastKnownFileType = sourcecode.c.h; path = JYMenuBtn.h; sourceTree = "<group>"; };
		5B8350301D52ECA00009634C /* JYMenuBtn.m */ = {isa = PBXFileReference; fileEncoding = 4; lastKnownFileType = sourcecode.c.objc; path = JYMenuBtn.m; sourceTree = "<group>"; };
		5B8350391D52ED500009634C /* JYScanController.h */ = {isa = PBXFileReference; fileEncoding = 4; lastKnownFileType = sourcecode.c.h; path = JYScanController.h; sourceTree = "<group>"; };
		5B83503A1D52ED500009634C /* JYScanController.m */ = {isa = PBXFileReference; fileEncoding = 4; lastKnownFileType = sourcecode.c.objc; path = JYScanController.m; sourceTree = "<group>"; };
		5B83503C1D53163B0009634C /* JYNavigationController.h */ = {isa = PBXFileReference; fileEncoding = 4; lastKnownFileType = sourcecode.c.h; path = JYNavigationController.h; sourceTree = "<group>"; };
		5B83503D1D53163B0009634C /* JYNavigationController.m */ = {isa = PBXFileReference; fileEncoding = 4; lastKnownFileType = sourcecode.c.objc; path = JYNavigationController.m; sourceTree = "<group>"; };
		5B83503F1D53281F0009634C /* JYPreviewView.h */ = {isa = PBXFileReference; fileEncoding = 4; lastKnownFileType = sourcecode.c.h; path = JYPreviewView.h; sourceTree = "<group>"; };
		5B8350401D53281F0009634C /* JYPreviewView.m */ = {isa = PBXFileReference; fileEncoding = 4; lastKnownFileType = sourcecode.c.objc; path = JYPreviewView.m; sourceTree = "<group>"; };
		5B8350411D53281F0009634C /* JYScanBgView.h */ = {isa = PBXFileReference; fileEncoding = 4; lastKnownFileType = sourcecode.c.h; path = JYScanBgView.h; sourceTree = "<group>"; };
		5B8350421D53281F0009634C /* JYScanBgView.m */ = {isa = PBXFileReference; fileEncoding = 4; lastKnownFileType = sourcecode.c.objc; path = JYScanBgView.m; sourceTree = "<group>"; };
		5B8481AD1D548E4E0069199A /* JYBackgroundView.h */ = {isa = PBXFileReference; fileEncoding = 4; lastKnownFileType = sourcecode.c.h; path = JYBackgroundView.h; sourceTree = "<group>"; };
		5B8481AE1D548E4E0069199A /* JYBackgroundView.m */ = {isa = PBXFileReference; fileEncoding = 4; lastKnownFileType = sourcecode.c.objc; path = JYBackgroundView.m; sourceTree = "<group>"; };
		5B8856CC1D4C476D007C3BAF /* citydata.plist */ = {isa = PBXFileReference; fileEncoding = 4; lastKnownFileType = text.plist.xml; path = citydata.plist; sourceTree = "<group>"; };
		5B8856CE1D4C4803007C3BAF /* JYLocation.h */ = {isa = PBXFileReference; fileEncoding = 4; lastKnownFileType = sourcecode.c.h; path = JYLocation.h; sourceTree = "<group>"; };
		5B8856CF1D4C4803007C3BAF /* JYLocation.m */ = {isa = PBXFileReference; fileEncoding = 4; lastKnownFileType = sourcecode.c.objc; path = JYLocation.m; sourceTree = "<group>"; };
		5B8856DA1D4C4E62007C3BAF /* city.plist */ = {isa = PBXFileReference; lastKnownFileType = file.bplist; path = city.plist; sourceTree = "<group>"; };
		5B8F69281D4B2EFD008C309B /* WalkedTheLoad.app */ = {isa = PBXFileReference; explicitFileType = wrapper.application; includeInIndex = 0; path = WalkedTheLoad.app; sourceTree = BUILT_PRODUCTS_DIR; };
		5B8F692C1D4B2EFD008C309B /* main.m */ = {isa = PBXFileReference; lastKnownFileType = sourcecode.c.objc; path = main.m; sourceTree = "<group>"; };
		5B8F692E1D4B2EFD008C309B /* AppDelegate.h */ = {isa = PBXFileReference; lastKnownFileType = sourcecode.c.h; name = AppDelegate.h; path = WalkedTheLoad/AppDelegate.h; sourceTree = SOURCE_ROOT; };
		5B8F692F1D4B2EFD008C309B /* AppDelegate.m */ = {isa = PBXFileReference; lastKnownFileType = sourcecode.c.objc; name = AppDelegate.m; path = WalkedTheLoad/AppDelegate.m; sourceTree = SOURCE_ROOT; };
		5B8F69371D4B2EFD008C309B /* Assets.xcassets */ = {isa = PBXFileReference; lastKnownFileType = folder.assetcatalog; path = Assets.xcassets; sourceTree = "<group>"; };
		5B8F693A1D4B2EFD008C309B /* Base */ = {isa = PBXFileReference; lastKnownFileType = file.storyboard; name = Base; path = Base.lproj/LaunchScreen.storyboard; sourceTree = "<group>"; };
		5B8F693C1D4B2EFD008C309B /* Info.plist */ = {isa = PBXFileReference; lastKnownFileType = text.plist.xml; path = Info.plist; sourceTree = "<group>"; };
		5B8F69411D4B2EFD008C309B /* WalkedTheLoadTests.xctest */ = {isa = PBXFileReference; explicitFileType = wrapper.cfbundle; includeInIndex = 0; path = WalkedTheLoadTests.xctest; sourceTree = BUILT_PRODUCTS_DIR; };
		5B8F69451D4B2EFD008C309B /* WalkedTheLoadTests.m */ = {isa = PBXFileReference; lastKnownFileType = sourcecode.c.objc; path = WalkedTheLoadTests.m; sourceTree = "<group>"; };
		5B8F69471D4B2EFD008C309B /* Info.plist */ = {isa = PBXFileReference; lastKnownFileType = text.plist.xml; path = Info.plist; sourceTree = "<group>"; };
		5B8F694C1D4B2EFD008C309B /* WalkedTheLoadUITests.xctest */ = {isa = PBXFileReference; explicitFileType = wrapper.cfbundle; includeInIndex = 0; path = WalkedTheLoadUITests.xctest; sourceTree = BUILT_PRODUCTS_DIR; };
		5B8F69501D4B2EFD008C309B /* WalkedTheLoadUITests.m */ = {isa = PBXFileReference; lastKnownFileType = sourcecode.c.objc; path = WalkedTheLoadUITests.m; sourceTree = "<group>"; };
		5B8F69521D4B2EFD008C309B /* Info.plist */ = {isa = PBXFileReference; lastKnownFileType = text.plist.xml; path = Info.plist; sourceTree = "<group>"; };
		5B8F69701D4B33D4008C309B /* PrefixHeader.pch */ = {isa = PBXFileReference; lastKnownFileType = sourcecode.c.h; path = PrefixHeader.pch; sourceTree = "<group>"; };
		5B8F69711D4B344C008C309B /* JYHeader.h */ = {isa = PBXFileReference; lastKnownFileType = sourcecode.c.h; path = JYHeader.h; sourceTree = "<group>"; };
		5B8F69721D4B347C008C309B /* JYDefine.h */ = {isa = PBXFileReference; lastKnownFileType = sourcecode.c.h; path = JYDefine.h; sourceTree = "<group>"; };
		5B8F69771D4B4DCF008C309B /* JYNSString+Extension.h */ = {isa = PBXFileReference; fileEncoding = 4; lastKnownFileType = sourcecode.c.h; path = "JYNSString+Extension.h"; sourceTree = "<group>"; };
		5B8F69781D4B4DCF008C309B /* JYNSString+Extension.m */ = {isa = PBXFileReference; fileEncoding = 4; lastKnownFileType = sourcecode.c.objc; path = "JYNSString+Extension.m"; sourceTree = "<group>"; };
		5B8F69791D4B4DCF008C309B /* UIImage+CKExtension.h */ = {isa = PBXFileReference; fileEncoding = 4; lastKnownFileType = sourcecode.c.h; path = "UIImage+CKExtension.h"; sourceTree = "<group>"; };
		5B8F697A1D4B4DCF008C309B /* UIImage+CKExtension.m */ = {isa = PBXFileReference; fileEncoding = 4; lastKnownFileType = sourcecode.c.objc; path = "UIImage+CKExtension.m"; sourceTree = "<group>"; };
		5B8F697B1D4B4DCF008C309B /* UIView+Extension.h */ = {isa = PBXFileReference; fileEncoding = 4; lastKnownFileType = sourcecode.c.h; path = "UIView+Extension.h"; sourceTree = "<group>"; };
		5B8F697C1D4B4DCF008C309B /* UIView+Extension.m */ = {isa = PBXFileReference; fileEncoding = 4; lastKnownFileType = sourcecode.c.objc; path = "UIView+Extension.m"; sourceTree = "<group>"; };
		5B8F69831D4B5ADE008C309B /* JYNotes.h */ = {isa = PBXFileReference; lastKnownFileType = sourcecode.c.h; path = JYNotes.h; sourceTree = "<group>"; };
		5B93CE051D59BCC700BF6041 /* JARoundCell.h */ = {isa = PBXFileReference; fileEncoding = 4; lastKnownFileType = sourcecode.c.h; path = JARoundCell.h; sourceTree = "<group>"; };
		5B93CE061D59BCC700BF6041 /* JARoundCell.m */ = {isa = PBXFileReference; fileEncoding = 4; lastKnownFileType = sourcecode.c.objc; path = JARoundCell.m; sourceTree = "<group>"; };
		5B93CE071D59BCC700BF6041 /* JARoundCell.xib */ = {isa = PBXFileReference; fileEncoding = 4; lastKnownFileType = file.xib; path = JARoundCell.xib; sourceTree = "<group>"; };
		5B93CE081D59BCC700BF6041 /* LXRoundLayout.h */ = {isa = PBXFileReference; fileEncoding = 4; lastKnownFileType = sourcecode.c.h; path = LXRoundLayout.h; sourceTree = "<group>"; };
		5B93CE091D59BCC700BF6041 /* LXRoundLayout.m */ = {isa = PBXFileReference; fileEncoding = 4; lastKnownFileType = sourcecode.c.objc; path = LXRoundLayout.m; sourceTree = "<group>"; };
		5B93CE0A1D59BCC700BF6041 /* LXRoundView.h */ = {isa = PBXFileReference; fileEncoding = 4; lastKnownFileType = sourcecode.c.h; path = LXRoundView.h; sourceTree = "<group>"; };
		5B93CE0B1D59BCC700BF6041 /* LXRoundView.m */ = {isa = PBXFileReference; fileEncoding = 4; lastKnownFileType = sourcecode.c.objc; path = LXRoundView.m; sourceTree = "<group>"; };
		5B93CE111D59D0A900BF6041 /* JYRollingView.h */ = {isa = PBXFileReference; fileEncoding = 4; lastKnownFileType = sourcecode.c.h; path = JYRollingView.h; sourceTree = "<group>"; };
		5B93CE121D59D0A900BF6041 /* JYRollingView.m */ = {isa = PBXFileReference; fileEncoding = 4; lastKnownFileType = sourcecode.c.objc; path = JYRollingView.m; sourceTree = "<group>"; };
		5B991C351D5814F7000B58C9 /* JYContentView.h */ = {isa = PBXFileReference; fileEncoding = 4; lastKnownFileType = sourcecode.c.h; path = JYContentView.h; sourceTree = "<group>"; };
		5B991C361D5814F7000B58C9 /* JYContentView.m */ = {isa = PBXFileReference; fileEncoding = 4; lastKnownFileType = sourcecode.c.objc; path = JYContentView.m; sourceTree = "<group>"; };
		5B991C381D581511000B58C9 /* JYContentView.xib */ = {isa = PBXFileReference; fileEncoding = 4; lastKnownFileType = file.xib; path = JYContentView.xib; sourceTree = "<group>"; };
		5B991C3A1D582504000B58C9 /* JYSignUpOnController.h */ = {isa = PBXFileReference; fileEncoding = 4; lastKnownFileType = sourcecode.c.h; path = JYSignUpOnController.h; sourceTree = "<group>"; };
		5B991C3B1D582505000B58C9 /* JYSignUpOnController.m */ = {isa = PBXFileReference; fileEncoding = 4; lastKnownFileType = sourcecode.c.objc; path = JYSignUpOnController.m; sourceTree = "<group>"; };
		5B991C3D1D582B22000B58C9 /* JYSignOnController.h */ = {isa = PBXFileReference; fileEncoding = 4; lastKnownFileType = sourcecode.c.h; path = JYSignOnController.h; sourceTree = "<group>"; };
		5B991C3E1D582B22000B58C9 /* JYSignOnController.m */ = {isa = PBXFileReference; fileEncoding = 4; lastKnownFileType = sourcecode.c.objc; path = JYSignOnController.m; sourceTree = "<group>"; };
		5B991C401D58345D000B58C9 /* JYSignUpController.h */ = {isa = PBXFileReference; fileEncoding = 4; lastKnownFileType = sourcecode.c.h; path = JYSignUpController.h; sourceTree = "<group>"; };
		5B991C411D58345D000B58C9 /* JYSignUpController.m */ = {isa = PBXFileReference; fileEncoding = 4; lastKnownFileType = sourcecode.c.objc; path = JYSignUpController.m; sourceTree = "<group>"; };
		5B991C451D586CE2000B58C9 /* MOBFoundation.framework */ = {isa = PBXFileReference; lastKnownFileType = wrapper.framework; path = MOBFoundation.framework; sourceTree = "<group>"; };
		5B991C461D586CE2000B58C9 /* SMS_SDK.framework */ = {isa = PBXFileReference; lastKnownFileType = wrapper.framework; path = SMS_SDK.framework; sourceTree = "<group>"; };
		5B991C491D586D2C000B58C9 /* libz.tbd */ = {isa = PBXFileReference; lastKnownFileType = "sourcecode.text-based-dylib-definition"; name = libz.tbd; path = usr/lib/libz.tbd; sourceTree = SDKROOT; };
		5B991C4B1D586D38000B58C9 /* libicucore.tbd */ = {isa = PBXFileReference; lastKnownFileType = "sourcecode.text-based-dylib-definition"; name = libicucore.tbd; path = usr/lib/libicucore.tbd; sourceTree = SDKROOT; };
		5B991C4D1D586D41000B58C9 /* MessageUI.framework */ = {isa = PBXFileReference; lastKnownFileType = wrapper.framework; name = MessageUI.framework; path = System/Library/Frameworks/MessageUI.framework; sourceTree = SDKROOT; };
		5B991C4F1D586D4B000B58C9 /* JavaScriptCore.framework */ = {isa = PBXFileReference; lastKnownFileType = wrapper.framework; name = JavaScriptCore.framework; path = System/Library/Frameworks/JavaScriptCore.framework; sourceTree = SDKROOT; };
		5B991C511D586D53000B58C9 /* libstdc++.tbd */ = {isa = PBXFileReference; lastKnownFileType = "sourcecode.text-based-dylib-definition"; name = "libstdc++.tbd"; path = "usr/lib/libstdc++.tbd"; sourceTree = SDKROOT; };
		5B991C541D588C01000B58C9 /* UIScrollView+HeaderScaleImage.h */ = {isa = PBXFileReference; fileEncoding = 4; lastKnownFileType = sourcecode.c.h; path = "UIScrollView+HeaderScaleImage.h"; sourceTree = "<group>"; };
		5B991C551D588C01000B58C9 /* UIScrollView+HeaderScaleImage.m */ = {isa = PBXFileReference; fileEncoding = 4; lastKnownFileType = sourcecode.c.objc; path = "UIScrollView+HeaderScaleImage.m"; sourceTree = "<group>"; };
		5B991C571D588C81000B58C9 /* JYMineController.h */ = {isa = PBXFileReference; fileEncoding = 4; lastKnownFileType = sourcecode.c.h; path = JYMineController.h; sourceTree = "<group>"; };
		5B991C581D588C81000B58C9 /* JYMineController.m */ = {isa = PBXFileReference; fileEncoding = 4; lastKnownFileType = sourcecode.c.objc; path = JYMineController.m; sourceTree = "<group>"; };
		5B9F331E1D66A01600CAEDAD /* SystemConfiguration.framework */ = {isa = PBXFileReference; lastKnownFileType = wrapper.framework; name = SystemConfiguration.framework; path = System/Library/Frameworks/SystemConfiguration.framework; sourceTree = SDKROOT; };
		5B9F33201D66A02700CAEDAD /* libsqlite3.0.tbd */ = {isa = PBXFileReference; lastKnownFileType = "sourcecode.text-based-dylib-definition"; name = libsqlite3.0.tbd; path = usr/lib/libsqlite3.0.tbd; sourceTree = SDKROOT; };
		5B9F33221D66A03100CAEDAD /* libc++.tbd */ = {isa = PBXFileReference; lastKnownFileType = "sourcecode.text-based-dylib-definition"; name = "libc++.tbd"; path = "usr/lib/libc++.tbd"; sourceTree = SDKROOT; };
		5BA05DB61D6BF2D000D5BC8B /* JYEducationController.h */ = {isa = PBXFileReference; fileEncoding = 4; lastKnownFileType = sourcecode.c.h; path = JYEducationController.h; sourceTree = "<group>"; };
		5BA05DB71D6BF2D000D5BC8B /* JYEducationController.m */ = {isa = PBXFileReference; fileEncoding = 4; lastKnownFileType = sourcecode.c.objc; path = JYEducationController.m; sourceTree = "<group>"; };
		5BA05DB91D6BF2D000D5BC8B /* Education.plist */ = {isa = PBXFileReference; fileEncoding = 4; lastKnownFileType = text.plist.xml; path = Education.plist; sourceTree = "<group>"; };
		5BA05DBA1D6BF2D000D5BC8B /* JYEducation.h */ = {isa = PBXFileReference; fileEncoding = 4; lastKnownFileType = sourcecode.c.h; path = JYEducation.h; sourceTree = "<group>"; };
		5BA05DBB1D6BF2D000D5BC8B /* JYEducation.m */ = {isa = PBXFileReference; fileEncoding = 4; lastKnownFileType = sourcecode.c.objc; path = JYEducation.m; sourceTree = "<group>"; };
		5BA05DBD1D6BF2D000D5BC8B /* JYEducationCell.h */ = {isa = PBXFileReference; fileEncoding = 4; lastKnownFileType = sourcecode.c.h; path = JYEducationCell.h; sourceTree = "<group>"; };
		5BA05DBE1D6BF2D000D5BC8B /* JYEducationCell.m */ = {isa = PBXFileReference; fileEncoding = 4; lastKnownFileType = sourcecode.c.objc; path = JYEducationCell.m; sourceTree = "<group>"; };
		5BA05DBF1D6BF2D000D5BC8B /* JYEducationCell.xib */ = {isa = PBXFileReference; fileEncoding = 4; lastKnownFileType = file.xib; path = JYEducationCell.xib; sourceTree = "<group>"; };
		5BAC82FE1D5B14B30038A454 /* JYTitleScroller.h */ = {isa = PBXFileReference; fileEncoding = 4; lastKnownFileType = sourcecode.c.h; path = JYTitleScroller.h; sourceTree = "<group>"; };
		5BAC82FF1D5B14B30038A454 /* JYTitleScroller.m */ = {isa = PBXFileReference; fileEncoding = 4; lastKnownFileType = sourcecode.c.objc; path = JYTitleScroller.m; sourceTree = "<group>"; };
		5BAC83031D5B14FD0038A454 /* JYMineHeadView.h */ = {isa = PBXFileReference; fileEncoding = 4; lastKnownFileType = sourcecode.c.h; path = JYMineHeadView.h; sourceTree = "<group>"; };
		5BAC83041D5B14FD0038A454 /* JYMineHeadView.m */ = {isa = PBXFileReference; fileEncoding = 4; lastKnownFileType = sourcecode.c.objc; path = JYMineHeadView.m; sourceTree = "<group>"; };
		5BAC83061D5B15180038A454 /* JYMineCell.h */ = {isa = PBXFileReference; fileEncoding = 4; lastKnownFileType = sourcecode.c.h; path = JYMineCell.h; sourceTree = "<group>"; };
		5BAC83071D5B15180038A454 /* JYMineCell.m */ = {isa = PBXFileReference; fileEncoding = 4; lastKnownFileType = sourcecode.c.objc; path = JYMineCell.m; sourceTree = "<group>"; };
		5BD5DB0E1D6AED8E00A2988E /* JYShowErWeiCodeView.h */ = {isa = PBXFileReference; fileEncoding = 4; lastKnownFileType = sourcecode.c.h; path = JYShowErWeiCodeView.h; sourceTree = "<group>"; };
		5BD5DB0F1D6AED8E00A2988E /* JYShowErWeiCodeView.m */ = {isa = PBXFileReference; fileEncoding = 4; lastKnownFileType = sourcecode.c.objc; path = JYShowErWeiCodeView.m; sourceTree = "<group>"; };
		846A760C1D5237990017A4AC /* JYTabBarController.h */ = {isa = PBXFileReference; fileEncoding = 4; lastKnownFileType = sourcecode.c.h; path = JYTabBarController.h; sourceTree = "<group>"; };
		846A760D1D5237990017A4AC /* JYTabBarController.m */ = {isa = PBXFileReference; fileEncoding = 4; lastKnownFileType = sourcecode.c.objc; path = JYTabBarController.m; sourceTree = "<group>"; };
		846A761C1D5238F40017A4AC /* JYLifeController.h */ = {isa = PBXFileReference; fileEncoding = 4; lastKnownFileType = sourcecode.c.h; path = JYLifeController.h; sourceTree = "<group>"; };
		846A761D1D5238F40017A4AC /* JYLifeController.m */ = {isa = PBXFileReference; fileEncoding = 4; lastKnownFileType = sourcecode.c.objc; path = JYLifeController.m; sourceTree = "<group>"; };
		846A76221D5239190017A4AC /* JYStudyController.h */ = {isa = PBXFileReference; fileEncoding = 4; lastKnownFileType = sourcecode.c.h; path = JYStudyController.h; sourceTree = "<group>"; };
		846A76231D5239190017A4AC /* JYStudyController.m */ = {isa = PBXFileReference; fileEncoding = 4; lastKnownFileType = sourcecode.c.objc; path = JYStudyController.m; sourceTree = "<group>"; };
		846A762B1D5239410017A4AC /* JYNewsController.h */ = {isa = PBXFileReference; fileEncoding = 4; lastKnownFileType = sourcecode.c.h; path = JYNewsController.h; sourceTree = "<group>"; };
		846A762C1D5239410017A4AC /* JYNewsController.m */ = {isa = PBXFileReference; fileEncoding = 4; lastKnownFileType = sourcecode.c.objc; path = JYNewsController.m; sourceTree = "<group>"; };
		A978008D85E58484CDCCEC75 /* Pods-WalkedTheLoadTests.debug.xcconfig */ = {isa = PBXFileReference; includeInIndex = 1; lastKnownFileType = text.xcconfig; name = "Pods-WalkedTheLoadTests.debug.xcconfig"; path = "Pods/Target Support Files/Pods-WalkedTheLoadTests/Pods-WalkedTheLoadTests.debug.xcconfig"; sourceTree = "<group>"; };
		D91E430B43D0EF0CF9B769D6 /* libPods-WalkedTheLoadTests.a */ = {isa = PBXFileReference; explicitFileType = archive.ar; includeInIndex = 0; path = "libPods-WalkedTheLoadTests.a"; sourceTree = BUILT_PRODUCTS_DIR; };
/* End PBXFileReference section */

/* Begin PBXFrameworksBuildPhase section */
		5B8F69251D4B2EFD008C309B /* Frameworks */ = {
			isa = PBXFrameworksBuildPhase;
			buildActionMask = 2147483647;
			files = (
				5B9F33231D66A03100CAEDAD /* libc++.tbd in Frameworks */,
				5B9F33211D66A02700CAEDAD /* libsqlite3.0.tbd in Frameworks */,
				5B9F331F1D66A01600CAEDAD /* SystemConfiguration.framework in Frameworks */,
				5B991C521D586D53000B58C9 /* libstdc++.tbd in Frameworks */,
				5B991C501D586D4B000B58C9 /* JavaScriptCore.framework in Frameworks */,
				5B991C4E1D586D41000B58C9 /* MessageUI.framework in Frameworks */,
				5B991C4C1D586D38000B58C9 /* libicucore.tbd in Frameworks */,
				5B991C4A1D586D2D000B58C9 /* libz.tbd in Frameworks */,
				5B991C481D586CE2000B58C9 /* SMS_SDK.framework in Frameworks */,
				5B991C471D586CE2000B58C9 /* MOBFoundation.framework in Frameworks */,
				43796BE042C0F9972053D2F5 /* libPods-WalkedTheLoad.a in Frameworks */,
			);
			runOnlyForDeploymentPostprocessing = 0;
		};
		5B8F693E1D4B2EFD008C309B /* Frameworks */ = {
			isa = PBXFrameworksBuildPhase;
			buildActionMask = 2147483647;
			files = (
				6A695E063E9882AE5C9AB516 /* libPods-WalkedTheLoadTests.a in Frameworks */,
			);
			runOnlyForDeploymentPostprocessing = 0;
		};
		5B8F69491D4B2EFD008C309B /* Frameworks */ = {
			isa = PBXFrameworksBuildPhase;
			buildActionMask = 2147483647;
			files = (
			);
			runOnlyForDeploymentPostprocessing = 0;
		};
/* End PBXFrameworksBuildPhase section */

/* Begin PBXGroup section */
		400186E56CFD7A598D1D7DCC /* Frameworks */ = {
			isa = PBXGroup;
			children = (
				5B9F33221D66A03100CAEDAD /* libc++.tbd */,
				5B9F33201D66A02700CAEDAD /* libsqlite3.0.tbd */,
				5B9F331E1D66A01600CAEDAD /* SystemConfiguration.framework */,
				5B991C511D586D53000B58C9 /* libstdc++.tbd */,
				5B991C4F1D586D4B000B58C9 /* JavaScriptCore.framework */,
				5B991C4D1D586D41000B58C9 /* MessageUI.framework */,
				5B991C4B1D586D38000B58C9 /* libicucore.tbd */,
				5B991C491D586D2C000B58C9 /* libz.tbd */,
				16A55C5D1CAA0ADE8927EB64 /* libPods-WalkedTheLoad.a */,
				D91E430B43D0EF0CF9B769D6 /* libPods-WalkedTheLoadTests.a */,
			);
			name = Frameworks;
			sourceTree = "<group>";
		};
		5B834FF71D52EA930009634C /* Tool      工具 */ = {
			isa = PBXGroup;
			children = (
				5B834FF81D52EA930009634C /* MyTool     我的工具 */,
				5B834FF91D52EA930009634C /* Third      第三方工具 */,
			);
			name = "Tool      工具";
			path = Tool;
			sourceTree = "<group>";
		};
		5B834FF81D52EA930009634C /* MyTool     我的工具 */ = {
			isa = PBXGroup;
			children = (
				5B93CE101D59D0A900BF6041 /* JYRollingImages    图片轮播 */,
				5B834FFA1D52EAB90009634C /* Scan     扫一扫 */,
			);
			name = "MyTool     我的工具";
			path = MyTool;
			sourceTree = "<group>";
		};
		5B834FF91D52EA930009634C /* Third      第三方工具 */ = {
			isa = PBXGroup;
			children = (
				5B93CE041D59BCC700BF6041 /* RoundItem */,
				5B991C531D588C01000B58C9 /* YZHeaderScaleImage */,
				5B991C431D586CA5000B58C9 /* SMSDK     短信SDK */,
			);
			name = "Third      第三方工具";
			path = Third;
			sourceTree = "<group>";
		};
		5B834FFA1D52EAB90009634C /* Scan     扫一扫 */ = {
			isa = PBXGroup;
			children = (
				5B834FFB1D52EAC00009634C /* JYScanErWeiCode.h */,
				5B834FFC1D52EAC00009634C /* JYScanErWeiCode.m */,
				5B83503F1D53281F0009634C /* JYPreviewView.h */,
				5B8350401D53281F0009634C /* JYPreviewView.m */,
				5B8350411D53281F0009634C /* JYScanBgView.h */,
				5B8350421D53281F0009634C /* JYScanBgView.m */,
			);
			name = "Scan     扫一扫";
			path = Scan;
			sourceTree = "<group>";
		};
		5B8350041D52EC540009634C /* CityChoice   城市选择 */ = {
			isa = PBXGroup;
			children = (
				5B8350051D52EC540009634C /* Controller */,
				5B8350081D52EC540009634C /* Describe */,
				5B8350091D52EC540009634C /* Model */,
				5B8350141D52EC540009634C /* View */,
			);
			name = "CityChoice   城市选择";
			path = CityChoice;
			sourceTree = "<group>";
		};
		5B8350051D52EC540009634C /* Controller */ = {
			isa = PBXGroup;
			children = (
				5B8350061D52EC540009634C /* JYCityChoiceController.h */,
				5B8350071D52EC540009634C /* JYCityChoiceController.m */,
			);
			path = Controller;
			sourceTree = "<group>";
		};
		5B8350081D52EC540009634C /* Describe */ = {
			isa = PBXGroup;
			children = (
			);
			path = Describe;
			sourceTree = "<group>";
		};
		5B8350091D52EC540009634C /* Model */ = {
			isa = PBXGroup;
			children = (
				5B83500A1D52EC540009634C /* JYAllCity.h */,
				5B83500B1D52EC540009634C /* JYAllCity.m */,
				5B83500C1D52EC540009634C /* JYArealist.h */,
				5B83500D1D52EC540009634C /* JYArealist.m */,
				5B83500E1D52EC540009634C /* JYCityData.h */,
				5B83500F1D52EC540009634C /* JYCityData.m */,
				5B8350101D52EC540009634C /* JYCityList.h */,
				5B8350111D52EC540009634C /* JYCityList.m */,
				5B8350121D52EC540009634C /* JYProvinceList.h */,
				5B8350131D52EC540009634C /* JYProvinceList.m */,
			);
			path = Model;
			sourceTree = "<group>";
		};
		5B8350141D52EC540009634C /* View */ = {
			isa = PBXGroup;
			children = (
				5B8350151D52EC540009634C /* JYCityShowCell.h */,
				5B8350161D52EC540009634C /* JYCityShowCell.m */,
				5B8350171D52EC540009634C /* JYHotCityCell.h */,
				5B8350181D52EC540009634C /* JYHotCityCell.m */,
				5B8350191D52EC540009634C /* JYLocationCell.h */,
				5B83501A1D52EC540009634C /* JYLocationCell.m */,
				5B83501B1D52EC540009634C /* JYSearchBarCell.h */,
				5B83501C1D52EC540009634C /* JYSearchBarCell.m */,
			);
			path = View;
			sourceTree = "<group>";
		};
		5B8350271D52ECA00009634C /* Home */ = {
			isa = PBXGroup;
			children = (
				5B8350281D52ECA00009634C /* Controller */,
				5B83502B1D52ECA00009634C /* Model */,
				5B83502C1D52ECA00009634C /* View */,
			);
			path = Home;
			sourceTree = "<group>";
		};
		5B8350281D52ECA00009634C /* Controller */ = {
			isa = PBXGroup;
			children = (
				5B8350291D52ECA00009634C /* JYHomeController.h */,
				5B83502A1D52ECA00009634C /* JYHomeController.m */,
			);
			path = Controller;
			sourceTree = "<group>";
		};
		5B83502B1D52ECA00009634C /* Model */ = {
			isa = PBXGroup;
			children = (
			);
			path = Model;
			sourceTree = "<group>";
		};
		5B83502C1D52ECA00009634C /* View */ = {
			isa = PBXGroup;
			children = (
				5B83502D1D52ECA00009634C /* JYEjectMenu.h */,
				5B83502E1D52ECA00009634C /* JYEjectMenu.m */,
				5B83502F1D52ECA00009634C /* JYMenuBtn.h */,
				5B8350301D52ECA00009634C /* JYMenuBtn.m */,
			);
			path = View;
			sourceTree = "<group>";
		};
		5B8350341D52ED070009634C /* Scan  扫一扫 */ = {
			isa = PBXGroup;
			children = (
				5B8350351D52ED070009634C /* Controller */,
				5B8350371D52ED070009634C /* Model */,
				5B8350381D52ED070009634C /* View */,
			);
			name = "Scan  扫一扫";
			path = Scan;
			sourceTree = "<group>";
		};
		5B8350351D52ED070009634C /* Controller */ = {
			isa = PBXGroup;
			children = (
				5B8350391D52ED500009634C /* JYScanController.h */,
				5B83503A1D52ED500009634C /* JYScanController.m */,
			);
			path = Controller;
			sourceTree = "<group>";
		};
		5B8350371D52ED070009634C /* Model */ = {
			isa = PBXGroup;
			children = (
			);
			path = Model;
			sourceTree = "<group>";
		};
		5B8350381D52ED070009634C /* View */ = {
			isa = PBXGroup;
			children = (
			);
			path = View;
			sourceTree = "<group>";
		};
		5B8481A31D548DC90069199A /* SignIn:Up    登录与注册 */ = {
			isa = PBXGroup;
			children = (
				5B8481A41D548E1B0069199A /* SignIn      登录 */,
				5B8481A71D548E1B0069199A /* SignUp    注册 */,
			);
			name = "SignIn:Up    登录与注册";
			path = "SignIn:Up";
			sourceTree = "<group>";
		};
		5B8481A41D548E1B0069199A /* SignIn      登录 */ = {
			isa = PBXGroup;
			children = (
				5B8481A51D548E1B0069199A /* Controller */,
				5B8481A61D548E1B0069199A /* View */,
			);
			name = "SignIn      登录";
			path = SignIn;
			sourceTree = "<group>";
		};
		5B8481A51D548E1B0069199A /* Controller */ = {
			isa = PBXGroup;
			children = (
				5B991C3D1D582B22000B58C9 /* JYSignOnController.h */,
				5B991C3E1D582B22000B58C9 /* JYSignOnController.m */,
			);
			path = Controller;
			sourceTree = "<group>";
		};
		5B8481A61D548E1B0069199A /* View */ = {
			isa = PBXGroup;
			children = (
				5B8481AD1D548E4E0069199A /* JYBackgroundView.h */,
				5B8481AE1D548E4E0069199A /* JYBackgroundView.m */,
			);
			path = View;
			sourceTree = "<group>";
		};
		5B8481A71D548E1B0069199A /* SignUp    注册 */ = {
			isa = PBXGroup;
			children = (
				5B8481A81D548E1B0069199A /* Controller */,
				5B8481A91D548E1B0069199A /* View */,
			);
			name = "SignUp    注册";
			path = SignUp;
			sourceTree = "<group>";
		};
		5B8481A81D548E1B0069199A /* Controller */ = {
			isa = PBXGroup;
			children = (
				5B991C401D58345D000B58C9 /* JYSignUpController.h */,
				5B991C411D58345D000B58C9 /* JYSignUpController.m */,
			);
			path = Controller;
			sourceTree = "<group>";
		};
		5B8481A91D548E1B0069199A /* View */ = {
			isa = PBXGroup;
			children = (
				5B991C351D5814F7000B58C9 /* JYContentView.h */,
				5B991C361D5814F7000B58C9 /* JYContentView.m */,
				5B991C381D581511000B58C9 /* JYContentView.xib */,
			);
			path = View;
			sourceTree = "<group>";
		};
		5B8F691F1D4B2EFD008C309B = {
			isa = PBXGroup;
			children = (
				5B8F692A1D4B2EFD008C309B /* WalkedTheLoad */,
				5B8F69441D4B2EFD008C309B /* WalkedTheLoadTests */,
				5B8F694F1D4B2EFD008C309B /* WalkedTheLoadUITests */,
				5B8F69291D4B2EFD008C309B /* Products */,
				60AF815046032D36DEFE6B58 /* Pods */,
				400186E56CFD7A598D1D7DCC /* Frameworks */,
			);
			sourceTree = "<group>";
		};
		5B8F69291D4B2EFD008C309B /* Products */ = {
			isa = PBXGroup;
			children = (
				5B8F69281D4B2EFD008C309B /* WalkedTheLoad.app */,
				5B8F69411D4B2EFD008C309B /* WalkedTheLoadTests.xctest */,
				5B8F694C1D4B2EFD008C309B /* WalkedTheLoadUITests.xctest */,
			);
			name = Products;
			sourceTree = "<group>";
		};
		5B8F692A1D4B2EFD008C309B /* WalkedTheLoad */ = {
			isa = PBXGroup;
			children = (
				5B8F69611D4B30C0008C309B /* AppDelegate */,
				5B8F69601D4B2F4F008C309B /* Studys  知识点 */,
				5B8F695E1D4B2F4F008C309B /* Notes   笔记 */,
				5B8F69621D4B30E8008C309B /* Sources   资源 */,
				5B8F69731D4B4DBF008C309B /* Others */,
				5B8F692B1D4B2EFD008C309B /* Supporting Files */,
			);
			path = WalkedTheLoad;
			sourceTree = "<group>";
		};
		5B8F692B1D4B2EFD008C309B /* Supporting Files */ = {
			isa = PBXGroup;
			children = (
				5B8F69371D4B2EFD008C309B /* Assets.xcassets */,
				5B8F69391D4B2EFD008C309B /* LaunchScreen.storyboard */,
				5B8F693C1D4B2EFD008C309B /* Info.plist */,
				5B8F692C1D4B2EFD008C309B /* main.m */,
				5B8F69701D4B33D4008C309B /* PrefixHeader.pch */,
			);
			name = "Supporting Files";
			sourceTree = "<group>";
		};
		5B8F69441D4B2EFD008C309B /* WalkedTheLoadTests */ = {
			isa = PBXGroup;
			children = (
				5B8F69451D4B2EFD008C309B /* WalkedTheLoadTests.m */,
				5B8F69471D4B2EFD008C309B /* Info.plist */,
			);
			path = WalkedTheLoadTests;
			sourceTree = "<group>";
		};
		5B8F694F1D4B2EFD008C309B /* WalkedTheLoadUITests */ = {
			isa = PBXGroup;
			children = (
				5B8F69501D4B2EFD008C309B /* WalkedTheLoadUITests.m */,
				5B8F69521D4B2EFD008C309B /* Info.plist */,
			);
			path = WalkedTheLoadUITests;
			sourceTree = "<group>";
		};
		5B8F695E1D4B2F4F008C309B /* Notes   笔记 */ = {
			isa = PBXGroup;
			children = (
				5B8F69831D4B5ADE008C309B /* JYNotes.h */,
			);
			name = "Notes   笔记";
			path = Notes;
			sourceTree = "<group>";
		};
		5B8F69601D4B2F4F008C309B /* Studys  知识点 */ = {
			isa = PBXGroup;
			children = (
				846A760B1D5237600017A4AC /* TabBar    底部tabBar  */,
				5B8F69631D4B3209008C309B /* Home    首页 */,
				846A760F1D5238560017A4AC /* Life    生活 */,
				846A76131D5238560017A4AC /* Mine   我的 */,
				846A76171D5238560017A4AC /* News    每天新鲜事 */,
				846A76181D5238560017A4AC /* Study   学习 */,
				5B8481A31D548DC90069199A /* SignIn:Up    登录与注册 */,
			);
			name = "Studys  知识点";
			path = Studys;
			sourceTree = "<group>";
		};
		5B8F69611D4B30C0008C309B /* AppDelegate */ = {
			isa = PBXGroup;
			children = (
				5B8F692E1D4B2EFD008C309B /* AppDelegate.h */,
				5B8F692F1D4B2EFD008C309B /* AppDelegate.m */,
			);
			path = AppDelegate;
			sourceTree = "<group>";
		};
		5B8F69621D4B30E8008C309B /* Sources   资源 */ = {
			isa = PBXGroup;
			children = (
				5B599AF61D4C7E22002327A7 /* citydict.plist */,
				5B8856DA1D4C4E62007C3BAF /* city.plist */,
				5B8856CC1D4C476D007C3BAF /* citydata.plist */,
				5B8F69711D4B344C008C309B /* JYHeader.h */,
				5B8F69721D4B347C008C309B /* JYDefine.h */,
			);
			name = "Sources   资源";
			path = Sources;
			sourceTree = "<group>";
		};
		5B8F69631D4B3209008C309B /* Home    首页 */ = {
			isa = PBXGroup;
			children = (
				5B8350271D52ECA00009634C /* Home */,
				5B8350041D52EC540009634C /* CityChoice   城市选择 */,
				5B8350341D52ED070009634C /* Scan  扫一扫 */,
				5B8F696C1D4B3301008C309B /* Describe */,
			);
			name = "Home    首页";
			path = Home;
			sourceTree = "<group>";
		};
		5B8F696C1D4B3301008C309B /* Describe */ = {
			isa = PBXGroup;
			children = (
			);
			path = Describe;
			sourceTree = "<group>";
		};
		5B8F69731D4B4DBF008C309B /* Others */ = {
			isa = PBXGroup;
			children = (
				5B834FF71D52EA930009634C /* Tool      工具 */,
				5B8F69741D4B4DBF008C309B /* Base */,
				5B8F69751D4B4DBF008C309B /* Category */,
				5B8F69761D4B4DBF008C309B /* Manager */,
			);
			path = Others;
			sourceTree = "<group>";
		};
		5B8F69741D4B4DBF008C309B /* Base */ = {
			isa = PBXGroup;
			children = (
				5B8856CE1D4C4803007C3BAF /* JYLocation.h */,
				5B8856CF1D4C4803007C3BAF /* JYLocation.m */,
				5B83503C1D53163B0009634C /* JYNavigationController.h */,
				5B83503D1D53163B0009634C /* JYNavigationController.m */,
				5B991C3A1D582504000B58C9 /* JYSignUpOnController.h */,
				5B991C3B1D582505000B58C9 /* JYSignUpOnController.m */,
			);
			path = Base;
			sourceTree = "<group>";
		};
		5B8F69751D4B4DBF008C309B /* Category */ = {
			isa = PBXGroup;
			children = (
				5B8F69771D4B4DCF008C309B /* JYNSString+Extension.h */,
				5B8F69781D4B4DCF008C309B /* JYNSString+Extension.m */,
				5B8F69791D4B4DCF008C309B /* UIImage+CKExtension.h */,
				5B8F697A1D4B4DCF008C309B /* UIImage+CKExtension.m */,
				5B8F697C1D4B4DCF008C309B /* UIView+Extension.m */,
				5B8F697B1D4B4DCF008C309B /* UIView+Extension.h */,
			);
			path = Category;
			sourceTree = "<group>";
		};
		5B8F69761D4B4DBF008C309B /* Manager */ = {
			isa = PBXGroup;
			children = (
				5B599AFB1D4CAB13002327A7 /* JYDataManager.h */,
				5B599AFC1D4CAB13002327A7 /* JYDataManager.m */,
			);
			path = Manager;
			sourceTree = "<group>";
		};
		5B93CE041D59BCC700BF6041 /* RoundItem */ = {
			isa = PBXGroup;
			children = (
				5B93CE051D59BCC700BF6041 /* JARoundCell.h */,
				5B93CE061D59BCC700BF6041 /* JARoundCell.m */,
				5B93CE071D59BCC700BF6041 /* JARoundCell.xib */,
				5B93CE081D59BCC700BF6041 /* LXRoundLayout.h */,
				5B93CE091D59BCC700BF6041 /* LXRoundLayout.m */,
				5B93CE0A1D59BCC700BF6041 /* LXRoundView.h */,
				5B93CE0B1D59BCC700BF6041 /* LXRoundView.m */,
			);
			path = RoundItem;
			sourceTree = "<group>";
		};
		5B93CE101D59D0A900BF6041 /* JYRollingImages    图片轮播 */ = {
			isa = PBXGroup;
			children = (
				5B93CE111D59D0A900BF6041 /* JYRollingView.h */,
				5B93CE121D59D0A900BF6041 /* JYRollingView.m */,
			);
			name = "JYRollingImages    图片轮播";
			path = JYRollingImages;
			sourceTree = "<group>";
		};
		5B991C431D586CA5000B58C9 /* SMSDK     短信SDK */ = {
			isa = PBXGroup;
			children = (
				5B991C441D586CE2000B58C9 /* SMS_SDK */,
			);
			name = "SMSDK     短信SDK";
			path = SMSDK;
			sourceTree = "<group>";
		};
		5B991C441D586CE2000B58C9 /* SMS_SDK */ = {
			isa = PBXGroup;
			children = (
				5B991C451D586CE2000B58C9 /* MOBFoundation.framework */,
				5B991C461D586CE2000B58C9 /* SMS_SDK.framework */,
			);
			path = SMS_SDK;
			sourceTree = "<group>";
		};
		5B991C531D588C01000B58C9 /* YZHeaderScaleImage */ = {
			isa = PBXGroup;
			children = (
				5B991C541D588C01000B58C9 /* UIScrollView+HeaderScaleImage.h */,
				5B991C551D588C01000B58C9 /* UIScrollView+HeaderScaleImage.m */,
			);
			name = YZHeaderScaleImage;
			path = SMSDK/YZHeaderScaleImage;
			sourceTree = "<group>";
		};
		5BA05DB41D6BF2D000D5BC8B /* Education */ = {
			isa = PBXGroup;
			children = (
				5BA05DB51D6BF2D000D5BC8B /* Controller */,
				5BA05DB81D6BF2D000D5BC8B /* Model */,
				5BA05DBC1D6BF2D000D5BC8B /* View */,
			);
			path = Education;
			sourceTree = "<group>";
		};
		5BA05DB51D6BF2D000D5BC8B /* Controller */ = {
			isa = PBXGroup;
			children = (
				5BA05DB61D6BF2D000D5BC8B /* JYEducationController.h */,
				5BA05DB71D6BF2D000D5BC8B /* JYEducationController.m */,
			);
			path = Controller;
			sourceTree = "<group>";
		};
		5BA05DB81D6BF2D000D5BC8B /* Model */ = {
			isa = PBXGroup;
			children = (
				5BA05DB91D6BF2D000D5BC8B /* Education.plist */,
				5BA05DBA1D6BF2D000D5BC8B /* JYEducation.h */,
				5BA05DBB1D6BF2D000D5BC8B /* JYEducation.m */,
			);
			path = Model;
			sourceTree = "<group>";
		};
		5BA05DBC1D6BF2D000D5BC8B /* View */ = {
			isa = PBXGroup;
			children = (
				5BA05DBD1D6BF2D000D5BC8B /* JYEducationCell.h */,
				5BA05DBE1D6BF2D000D5BC8B /* JYEducationCell.m */,
				5BA05DBF1D6BF2D000D5BC8B /* JYEducationCell.xib */,
			);
			path = View;
			sourceTree = "<group>";
		};
		5BAC82F91D5B14980038A454 /* Model */ = {
			isa = PBXGroup;
			children = (
			);
			path = Model;
			sourceTree = "<group>";
		};
		5BAC82FA1D5B14980038A454 /* View */ = {
			isa = PBXGroup;
			children = (
				5BAC82FE1D5B14B30038A454 /* JYTitleScroller.h */,
				5BAC82FF1D5B14B30038A454 /* JYTitleScroller.m */,
			);
			path = View;
			sourceTree = "<group>";
		};
		5BAC83011D5B14F10038A454 /* Model */ = {
			isa = PBXGroup;
			children = (
			);
			path = Model;
			sourceTree = "<group>";
		};
		5BAC83021D5B14F10038A454 /* View */ = {
			isa = PBXGroup;
			children = (
				5BAC83031D5B14FD0038A454 /* JYMineHeadView.h */,
				5BAC83041D5B14FD0038A454 /* JYMineHeadView.m */,
				5BAC83061D5B15180038A454 /* JYMineCell.h */,
				5BAC83071D5B15180038A454 /* JYMineCell.m */,
				5BD5DB0E1D6AED8E00A2988E /* JYShowErWeiCodeView.h */,
				5BD5DB0F1D6AED8E00A2988E /* JYShowErWeiCodeView.m */,
			);
			path = View;
			sourceTree = "<group>";
		};
		60AF815046032D36DEFE6B58 /* Pods */ = {
			isa = PBXGroup;
			children = (
				4FD851DBF2DDD34C2861072C /* Pods-WalkedTheLoad.debug.xcconfig */,
				24A71CBFEB67C59C69D49ADB /* Pods-WalkedTheLoad.release.xcconfig */,
				A978008D85E58484CDCCEC75 /* Pods-WalkedTheLoadTests.debug.xcconfig */,
				15F1E2638791E1789C1100DE /* Pods-WalkedTheLoadTests.release.xcconfig */,
			);
			name = Pods;
			sourceTree = "<group>";
		};
		846A760B1D5237600017A4AC /* TabBar    底部tabBar  */ = {
			isa = PBXGroup;
			children = (
				846A760C1D5237990017A4AC /* JYTabBarController.h */,
				846A760D1D5237990017A4AC /* JYTabBarController.m */,
			);
			name = "TabBar    底部tabBar ";
			path = TabBar;
			sourceTree = "<group>";
		};
		846A760F1D5238560017A4AC /* Life    生活 */ = {
			isa = PBXGroup;
			children = (
				846A76101D5238560017A4AC /* Controller */,
				846A76111D5238560017A4AC /* Model */,
				846A76121D5238560017A4AC /* View */,
			);
			name = "Life    生活";
			path = Life;
			sourceTree = "<group>";
		};
		846A76101D5238560017A4AC /* Controller */ = {
			isa = PBXGroup;
			children = (
				846A761C1D5238F40017A4AC /* JYLifeController.h */,
				846A761D1D5238F40017A4AC /* JYLifeController.m */,
			);
			path = Controller;
			sourceTree = "<group>";
		};
		846A76111D5238560017A4AC /* Model */ = {
			isa = PBXGroup;
			children = (
			);
			path = Model;
			sourceTree = "<group>";
		};
		846A76121D5238560017A4AC /* View */ = {
			isa = PBXGroup;
			children = (
			);
			path = View;
			sourceTree = "<group>";
		};
		846A76131D5238560017A4AC /* Mine   我的 */ = {
			isa = PBXGroup;
			children = (
				5BA05DB41D6BF2D000D5BC8B /* Education */,
				5BAC83011D5B14F10038A454 /* Model */,
				5BAC83021D5B14F10038A454 /* View */,
				846A76141D5238560017A4AC /* Controller */,
			);
			name = "Mine   我的";
			path = Mine;
			sourceTree = "<group>";
		};
		846A76141D5238560017A4AC /* Controller */ = {
			isa = PBXGroup;
			children = (
				5B991C571D588C81000B58C9 /* JYMineController.h */,
				5B991C581D588C81000B58C9 /* JYMineController.m */,
			);
			path = Controller;
			sourceTree = "<group>";
		};
		846A76171D5238560017A4AC /* News    每天新鲜事 */ = {
			isa = PBXGroup;
			children = (
				846A76251D52392F0017A4AC /* Controller */,
				846A76281D52392F0017A4AC /* Model */,
				846A76291D52392F0017A4AC /* View */,
			);
			name = "News    每天新鲜事";
			path = News;
			sourceTree = "<group>";
		};
		846A76181D5238560017A4AC /* Study   学习 */ = {
			isa = PBXGroup;
			children = (
				5BAC82F91D5B14980038A454 /* Model */,
				5BAC82FA1D5B14980038A454 /* View */,
				846A76191D5238560017A4AC /* Controller */,
			);
			name = "Study   学习";
			path = Study;
			sourceTree = "<group>";
		};
		846A76191D5238560017A4AC /* Controller */ = {
			isa = PBXGroup;
			children = (
				846A76221D5239190017A4AC /* JYStudyController.h */,
				846A76231D5239190017A4AC /* JYStudyController.m */,
			);
			path = Controller;
			sourceTree = "<group>";
		};
		846A76251D52392F0017A4AC /* Controller */ = {
			isa = PBXGroup;
			children = (
				846A762B1D5239410017A4AC /* JYNewsController.h */,
				846A762C1D5239410017A4AC /* JYNewsController.m */,
			);
			path = Controller;
			sourceTree = "<group>";
		};
		846A76281D52392F0017A4AC /* Model */ = {
			isa = PBXGroup;
			children = (
			);
			path = Model;
			sourceTree = "<group>";
		};
		846A76291D52392F0017A4AC /* View */ = {
			isa = PBXGroup;
			children = (
			);
			path = View;
			sourceTree = "<group>";
		};
/* End PBXGroup section */

/* Begin PBXNativeTarget section */
		5B8F69271D4B2EFD008C309B /* WalkedTheLoad */ = {
			isa = PBXNativeTarget;
			buildConfigurationList = 5B8F69551D4B2EFD008C309B /* Build configuration list for PBXNativeTarget "WalkedTheLoad" */;
			buildPhases = (
				9CA31F82AFC401FBBD2C8579 /* [CP] Check Pods Manifest.lock */,
				5B8F69241D4B2EFD008C309B /* Sources */,
				5B8F69251D4B2EFD008C309B /* Frameworks */,
				5B8F69261D4B2EFD008C309B /* Resources */,
				73759D15C765C2439223016B /* [CP] Embed Pods Frameworks */,
				192DC8EACF43858F68B85537 /* [CP] Copy Pods Resources */,
			);
			buildRules = (
			);
			dependencies = (
			);
			name = WalkedTheLoad;
			productName = WalkedTheLoad;
			productReference = 5B8F69281D4B2EFD008C309B /* WalkedTheLoad.app */;
			productType = "com.apple.product-type.application";
		};
		5B8F69401D4B2EFD008C309B /* WalkedTheLoadTests */ = {
			isa = PBXNativeTarget;
			buildConfigurationList = 5B8F69581D4B2EFD008C309B /* Build configuration list for PBXNativeTarget "WalkedTheLoadTests" */;
			buildPhases = (
				1EB9C9347EFA637574E45F0B /* [CP] Check Pods Manifest.lock */,
				5B8F693D1D4B2EFD008C309B /* Sources */,
				5B8F693E1D4B2EFD008C309B /* Frameworks */,
				5B8F693F1D4B2EFD008C309B /* Resources */,
				DFDD02741E4BD6A783AF8DA6 /* [CP] Embed Pods Frameworks */,
				7541782653735E33049A2C84 /* [CP] Copy Pods Resources */,
			);
			buildRules = (
			);
			dependencies = (
				5B8F69431D4B2EFD008C309B /* PBXTargetDependency */,
			);
			name = WalkedTheLoadTests;
			productName = WalkedTheLoadTests;
			productReference = 5B8F69411D4B2EFD008C309B /* WalkedTheLoadTests.xctest */;
			productType = "com.apple.product-type.bundle.unit-test";
		};
		5B8F694B1D4B2EFD008C309B /* WalkedTheLoadUITests */ = {
			isa = PBXNativeTarget;
			buildConfigurationList = 5B8F695B1D4B2EFD008C309B /* Build configuration list for PBXNativeTarget "WalkedTheLoadUITests" */;
			buildPhases = (
				5B8F69481D4B2EFD008C309B /* Sources */,
				5B8F69491D4B2EFD008C309B /* Frameworks */,
				5B8F694A1D4B2EFD008C309B /* Resources */,
			);
			buildRules = (
			);
			dependencies = (
				5B8F694E1D4B2EFD008C309B /* PBXTargetDependency */,
			);
			name = WalkedTheLoadUITests;
			productName = WalkedTheLoadUITests;
			productReference = 5B8F694C1D4B2EFD008C309B /* WalkedTheLoadUITests.xctest */;
			productType = "com.apple.product-type.bundle.ui-testing";
		};
/* End PBXNativeTarget section */

/* Begin PBXProject section */
		5B8F69201D4B2EFD008C309B /* Project object */ = {
			isa = PBXProject;
			attributes = {
				CLASSPREFIX = JY;
				LastUpgradeCheck = 0730;
				ORGANIZATIONNAME = "丶九月";
				TargetAttributes = {
					5B8F69271D4B2EFD008C309B = {
						CreatedOnToolsVersion = 7.3.1;
						DevelopmentTeam = 8JD24CDC43;
					};
					5B8F69401D4B2EFD008C309B = {
						CreatedOnToolsVersion = 7.3.1;
						TestTargetID = 5B8F69271D4B2EFD008C309B;
					};
					5B8F694B1D4B2EFD008C309B = {
						CreatedOnToolsVersion = 7.3.1;
						TestTargetID = 5B8F69271D4B2EFD008C309B;
					};
				};
			};
			buildConfigurationList = 5B8F69231D4B2EFD008C309B /* Build configuration list for PBXProject "WalkedTheLoad" */;
			compatibilityVersion = "Xcode 3.2";
			developmentRegion = English;
			hasScannedForEncodings = 0;
			knownRegions = (
				en,
				Base,
			);
			mainGroup = 5B8F691F1D4B2EFD008C309B;
			productRefGroup = 5B8F69291D4B2EFD008C309B /* Products */;
			projectDirPath = "";
			projectRoot = "";
			targets = (
				5B8F69271D4B2EFD008C309B /* WalkedTheLoad */,
				5B8F69401D4B2EFD008C309B /* WalkedTheLoadTests */,
				5B8F694B1D4B2EFD008C309B /* WalkedTheLoadUITests */,
			);
		};
/* End PBXProject section */

/* Begin PBXResourcesBuildPhase section */
		5B8F69261D4B2EFD008C309B /* Resources */ = {
			isa = PBXResourcesBuildPhase;
			buildActionMask = 2147483647;
			files = (
				5B599AF71D4C7E22002327A7 /* citydict.plist in Resources */,
				5B991C391D581511000B58C9 /* JYContentView.xib in Resources */,
				5B8F693B1D4B2EFD008C309B /* LaunchScreen.storyboard in Resources */,
				5B8856DB1D4C4E62007C3BAF /* city.plist in Resources */,
				5B8F69381D4B2EFD008C309B /* Assets.xcassets in Resources */,
				5BA05DC11D6BF2D000D5BC8B /* Education.plist in Resources */,
				5B8856CD1D4C476D007C3BAF /* citydata.plist in Resources */,
				5B93CE0D1D59BCC700BF6041 /* JARoundCell.xib in Resources */,
				5BA05DC41D6BF2D000D5BC8B /* JYEducationCell.xib in Resources */,
			);
			runOnlyForDeploymentPostprocessing = 0;
		};
		5B8F693F1D4B2EFD008C309B /* Resources */ = {
			isa = PBXResourcesBuildPhase;
			buildActionMask = 2147483647;
			files = (
			);
			runOnlyForDeploymentPostprocessing = 0;
		};
		5B8F694A1D4B2EFD008C309B /* Resources */ = {
			isa = PBXResourcesBuildPhase;
			buildActionMask = 2147483647;
			files = (
			);
			runOnlyForDeploymentPostprocessing = 0;
		};
/* End PBXResourcesBuildPhase section */

/* Begin PBXShellScriptBuildPhase section */
		192DC8EACF43858F68B85537 /* [CP] Copy Pods Resources */ = {
			isa = PBXShellScriptBuildPhase;
			buildActionMask = 2147483647;
			files = (
			);
			inputPaths = (
			);
			name = "[CP] Copy Pods Resources";
			outputPaths = (
			);
			runOnlyForDeploymentPostprocessing = 0;
			shellPath = /bin/sh;
			shellScript = "\"${SRCROOT}/Pods/Target Support Files/Pods-WalkedTheLoad/Pods-WalkedTheLoad-resources.sh\"\n";
			showEnvVarsInLog = 0;
		};
		1EB9C9347EFA637574E45F0B /* [CP] Check Pods Manifest.lock */ = {
			isa = PBXShellScriptBuildPhase;
			buildActionMask = 2147483647;
			files = (
			);
			inputPaths = (
			);
			name = "[CP] Check Pods Manifest.lock";
			outputPaths = (
			);
			runOnlyForDeploymentPostprocessing = 0;
			shellPath = /bin/sh;
			shellScript = "diff \"${PODS_ROOT}/../Podfile.lock\" \"${PODS_ROOT}/Manifest.lock\" > /dev/null\nif [[ $? != 0 ]] ; then\n    cat << EOM\nerror: The sandbox is not in sync with the Podfile.lock. Run 'pod install' or update your CocoaPods installation.\nEOM\n    exit 1\nfi\n";
			showEnvVarsInLog = 0;
		};
		73759D15C765C2439223016B /* [CP] Embed Pods Frameworks */ = {
			isa = PBXShellScriptBuildPhase;
			buildActionMask = 2147483647;
			files = (
			);
			inputPaths = (
			);
			name = "[CP] Embed Pods Frameworks";
			outputPaths = (
			);
			runOnlyForDeploymentPostprocessing = 0;
			shellPath = /bin/sh;
			shellScript = "\"${SRCROOT}/Pods/Target Support Files/Pods-WalkedTheLoad/Pods-WalkedTheLoad-frameworks.sh\"\n";
			showEnvVarsInLog = 0;
		};
		7541782653735E33049A2C84 /* [CP] Copy Pods Resources */ = {
			isa = PBXShellScriptBuildPhase;
			buildActionMask = 2147483647;
			files = (
			);
			inputPaths = (
			);
			name = "[CP] Copy Pods Resources";
			outputPaths = (
			);
			runOnlyForDeploymentPostprocessing = 0;
			shellPath = /bin/sh;
			shellScript = "\"${SRCROOT}/Pods/Target Support Files/Pods-WalkedTheLoadTests/Pods-WalkedTheLoadTests-resources.sh\"\n";
			showEnvVarsInLog = 0;
		};
		9CA31F82AFC401FBBD2C8579 /* [CP] Check Pods Manifest.lock */ = {
			isa = PBXShellScriptBuildPhase;
			buildActionMask = 2147483647;
			files = (
			);
			inputPaths = (
			);
			name = "[CP] Check Pods Manifest.lock";
			outputPaths = (
			);
			runOnlyForDeploymentPostprocessing = 0;
			shellPath = /bin/sh;
			shellScript = "diff \"${PODS_ROOT}/../Podfile.lock\" \"${PODS_ROOT}/Manifest.lock\" > /dev/null\nif [[ $? != 0 ]] ; then\n    cat << EOM\nerror: The sandbox is not in sync with the Podfile.lock. Run 'pod install' or update your CocoaPods installation.\nEOM\n    exit 1\nfi\n";
			showEnvVarsInLog = 0;
		};
		DFDD02741E4BD6A783AF8DA6 /* [CP] Embed Pods Frameworks */ = {
			isa = PBXShellScriptBuildPhase;
			buildActionMask = 2147483647;
			files = (
			);
			inputPaths = (
			);
			name = "[CP] Embed Pods Frameworks";
			outputPaths = (
			);
			runOnlyForDeploymentPostprocessing = 0;
			shellPath = /bin/sh;
			shellScript = "\"${SRCROOT}/Pods/Target Support Files/Pods-WalkedTheLoadTests/Pods-WalkedTheLoadTests-frameworks.sh\"\n";
			showEnvVarsInLog = 0;
		};
/* End PBXShellScriptBuildPhase section */

/* Begin PBXSourcesBuildPhase section */
		5B8F69241D4B2EFD008C309B /* Sources */ = {
			isa = PBXSourcesBuildPhase;
			buildActionMask = 2147483647;
			files = (
				5B991C3F1D582B22000B58C9 /* JYSignOnController.m in Sources */,
				5B93CE0C1D59BCC700BF6041 /* JARoundCell.m in Sources */,
				5B8350221D52EC540009634C /* JYProvinceList.m in Sources */,
				5B83501D1D52EC540009634C /* JYCityChoiceController.m in Sources */,
				5BAC83051D5B14FD0038A454 /* JYMineHeadView.m in Sources */,
				5B8350331D52ECA00009634C /* JYMenuBtn.m in Sources */,
				5B83501F1D52EC540009634C /* JYArealist.m in Sources */,
				5B991C561D588C01000B58C9 /* UIScrollView+HeaderScaleImage.m in Sources */,
				5B599AFD1D4CAB13002327A7 /* JYDataManager.m in Sources */,
				5B8350011D52EAC00009634C /* JYScanErWeiCode.m in Sources */,
				5B8350211D52EC540009634C /* JYCityList.m in Sources */,
				5B991C3C1D582505000B58C9 /* JYSignUpOnController.m in Sources */,
				5B8350321D52ECA00009634C /* JYEjectMenu.m in Sources */,
				5B8F697F1D4B4DCF008C309B /* UIView+Extension.m in Sources */,
				5BAC83001D5B14B30038A454 /* JYTitleScroller.m in Sources */,
				5B8856D01D4C4803007C3BAF /* JYLocation.m in Sources */,
				5B8F697E1D4B4DCF008C309B /* UIImage+CKExtension.m in Sources */,
				5BA05DC21D6BF2D000D5BC8B /* JYEducation.m in Sources */,
				5B8481AF1D548E4E0069199A /* JYBackgroundView.m in Sources */,
				5BAC83081D5B15180038A454 /* JYMineCell.m in Sources */,
				5BA05DC01D6BF2D000D5BC8B /* JYEducationController.m in Sources */,
				5B991C371D5814F7000B58C9 /* JYContentView.m in Sources */,
				5B83503E1D53163B0009634C /* JYNavigationController.m in Sources */,
				5B8350231D52EC540009634C /* JYCityShowCell.m in Sources */,
				5B8350251D52EC540009634C /* JYLocationCell.m in Sources */,
				5B8F697D1D4B4DCF008C309B /* JYNSString+Extension.m in Sources */,
				5B8F69301D4B2EFD008C309B /* AppDelegate.m in Sources */,
				5B8350311D52ECA00009634C /* JYHomeController.m in Sources */,
				5B93CE0F1D59BCC700BF6041 /* LXRoundView.m in Sources */,
				5BA05DC31D6BF2D000D5BC8B /* JYEducationCell.m in Sources */,
				5BD5DB101D6AED8E00A2988E /* JYShowErWeiCodeView.m in Sources */,
				846A761E1D5238F40017A4AC /* JYLifeController.m in Sources */,
				5B8350441D53281F0009634C /* JYScanBgView.m in Sources */,
				5B991C421D58345D000B58C9 /* JYSignUpController.m in Sources */,
				5B8F692D1D4B2EFD008C309B /* main.m in Sources */,
				5B8350261D52EC540009634C /* JYSearchBarCell.m in Sources */,
				5B83503B1D52ED500009634C /* JYScanController.m in Sources */,
				846A762D1D5239410017A4AC /* JYNewsController.m in Sources */,
				5B93CE131D59D0A900BF6041 /* JYRollingView.m in Sources */,
				5B991C591D588C81000B58C9 /* JYMineController.m in Sources */,
				5B93CE0E1D59BCC700BF6041 /* LXRoundLayout.m in Sources */,
				5B83501E1D52EC540009634C /* JYAllCity.m in Sources */,
				846A76241D5239190017A4AC /* JYStudyController.m in Sources */,
				5B8350431D53281F0009634C /* JYPreviewView.m in Sources */,
				5B8350201D52EC540009634C /* JYCityData.m in Sources */,
				846A760E1D5237990017A4AC /* JYTabBarController.m in Sources */,
				5B8350241D52EC540009634C /* JYHotCityCell.m in Sources */,
			);
			runOnlyForDeploymentPostprocessing = 0;
		};
		5B8F693D1D4B2EFD008C309B /* Sources */ = {
			isa = PBXSourcesBuildPhase;
			buildActionMask = 2147483647;
			files = (
				5B8F69461D4B2EFD008C309B /* WalkedTheLoadTests.m in Sources */,
			);
			runOnlyForDeploymentPostprocessing = 0;
		};
		5B8F69481D4B2EFD008C309B /* Sources */ = {
			isa = PBXSourcesBuildPhase;
			buildActionMask = 2147483647;
			files = (
				5B8F69511D4B2EFD008C309B /* WalkedTheLoadUITests.m in Sources */,
			);
			runOnlyForDeploymentPostprocessing = 0;
		};
/* End PBXSourcesBuildPhase section */

/* Begin PBXTargetDependency section */
		5B8F69431D4B2EFD008C309B /* PBXTargetDependency */ = {
			isa = PBXTargetDependency;
			target = 5B8F69271D4B2EFD008C309B /* WalkedTheLoad */;
			targetProxy = 5B8F69421D4B2EFD008C309B /* PBXContainerItemProxy */;
		};
		5B8F694E1D4B2EFD008C309B /* PBXTargetDependency */ = {
			isa = PBXTargetDependency;
			target = 5B8F69271D4B2EFD008C309B /* WalkedTheLoad */;
			targetProxy = 5B8F694D1D4B2EFD008C309B /* PBXContainerItemProxy */;
		};
/* End PBXTargetDependency section */

/* Begin PBXVariantGroup section */
		5B8F69391D4B2EFD008C309B /* LaunchScreen.storyboard */ = {
			isa = PBXVariantGroup;
			children = (
				5B8F693A1D4B2EFD008C309B /* Base */,
			);
			name = LaunchScreen.storyboard;
			sourceTree = "<group>";
		};
/* End PBXVariantGroup section */

/* Begin XCBuildConfiguration section */
		5B8F69531D4B2EFD008C309B /* Debug */ = {
			isa = XCBuildConfiguration;
			buildSettings = {
				ALWAYS_SEARCH_USER_PATHS = NO;
				CLANG_ANALYZER_NONNULL = YES;
				CLANG_CXX_LANGUAGE_STANDARD = "gnu++0x";
				CLANG_CXX_LIBRARY = "libc++";
				CLANG_ENABLE_MODULES = YES;
				CLANG_ENABLE_OBJC_ARC = YES;
				CLANG_WARN_BOOL_CONVERSION = YES;
				CLANG_WARN_CONSTANT_CONVERSION = YES;
				CLANG_WARN_DIRECT_OBJC_ISA_USAGE = YES_ERROR;
				CLANG_WARN_EMPTY_BODY = YES;
				CLANG_WARN_ENUM_CONVERSION = YES;
				CLANG_WARN_INT_CONVERSION = YES;
				CLANG_WARN_OBJC_ROOT_CLASS = YES_ERROR;
				CLANG_WARN_UNREACHABLE_CODE = YES;
				CLANG_WARN__DUPLICATE_METHOD_MATCH = YES;
				"CODE_SIGN_IDENTITY[sdk=iphoneos*]" = "iPhone Developer";
				COPY_PHASE_STRIP = NO;
				DEBUG_INFORMATION_FORMAT = dwarf;
				ENABLE_STRICT_OBJC_MSGSEND = YES;
				ENABLE_TESTABILITY = YES;
				GCC_C_LANGUAGE_STANDARD = gnu99;
				GCC_DYNAMIC_NO_PIC = NO;
				GCC_NO_COMMON_BLOCKS = YES;
				GCC_OPTIMIZATION_LEVEL = 0;
				GCC_PREPROCESSOR_DEFINITIONS = (
					"DEBUG=1",
					"$(inherited)",
				);
				GCC_WARN_64_TO_32_BIT_CONVERSION = YES;
				GCC_WARN_ABOUT_RETURN_TYPE = YES_ERROR;
				GCC_WARN_UNDECLARED_SELECTOR = YES;
				GCC_WARN_UNINITIALIZED_AUTOS = YES_AGGRESSIVE;
				GCC_WARN_UNUSED_FUNCTION = YES;
				GCC_WARN_UNUSED_VARIABLE = YES;
				IPHONEOS_DEPLOYMENT_TARGET = 9.3;
				MTL_ENABLE_DEBUG_INFO = YES;
				ONLY_ACTIVE_ARCH = YES;
				SDKROOT = iphoneos;
				TARGETED_DEVICE_FAMILY = "1,2";
			};
			name = Debug;
		};
		5B8F69541D4B2EFD008C309B /* Release */ = {
			isa = XCBuildConfiguration;
			buildSettings = {
				ALWAYS_SEARCH_USER_PATHS = NO;
				CLANG_ANALYZER_NONNULL = YES;
				CLANG_CXX_LANGUAGE_STANDARD = "gnu++0x";
				CLANG_CXX_LIBRARY = "libc++";
				CLANG_ENABLE_MODULES = YES;
				CLANG_ENABLE_OBJC_ARC = YES;
				CLANG_WARN_BOOL_CONVERSION = YES;
				CLANG_WARN_CONSTANT_CONVERSION = YES;
				CLANG_WARN_DIRECT_OBJC_ISA_USAGE = YES_ERROR;
				CLANG_WARN_EMPTY_BODY = YES;
				CLANG_WARN_ENUM_CONVERSION = YES;
				CLANG_WARN_INT_CONVERSION = YES;
				CLANG_WARN_OBJC_ROOT_CLASS = YES_ERROR;
				CLANG_WARN_UNREACHABLE_CODE = YES;
				CLANG_WARN__DUPLICATE_METHOD_MATCH = YES;
				"CODE_SIGN_IDENTITY[sdk=iphoneos*]" = "iPhone Developer";
				COPY_PHASE_STRIP = NO;
				DEBUG_INFORMATION_FORMAT = "dwarf-with-dsym";
				ENABLE_NS_ASSERTIONS = NO;
				ENABLE_STRICT_OBJC_MSGSEND = YES;
				GCC_C_LANGUAGE_STANDARD = gnu99;
				GCC_NO_COMMON_BLOCKS = YES;
				GCC_WARN_64_TO_32_BIT_CONVERSION = YES;
				GCC_WARN_ABOUT_RETURN_TYPE = YES_ERROR;
				GCC_WARN_UNDECLARED_SELECTOR = YES;
				GCC_WARN_UNINITIALIZED_AUTOS = YES_AGGRESSIVE;
				GCC_WARN_UNUSED_FUNCTION = YES;
				GCC_WARN_UNUSED_VARIABLE = YES;
				IPHONEOS_DEPLOYMENT_TARGET = 9.3;
				MTL_ENABLE_DEBUG_INFO = NO;
				SDKROOT = iphoneos;
				TARGETED_DEVICE_FAMILY = "1,2";
				VALIDATE_PRODUCT = YES;
			};
			name = Release;
		};
		5B8F69561D4B2EFD008C309B /* Debug */ = {
			isa = XCBuildConfiguration;
			baseConfigurationReference = 4FD851DBF2DDD34C2861072C /* Pods-WalkedTheLoad.debug.xcconfig */;
			buildSettings = {
				ASSETCATALOG_COMPILER_APPICON_NAME = AppIcon;
				CODE_SIGN_IDENTITY = "iPhone Developer";
				"CODE_SIGN_IDENTITY[sdk=iphoneos*]" = "iPhone Developer";
				FRAMEWORK_SEARCH_PATHS = (
					"$(inherited)",
					"$(PROJECT_DIR)/WalkedTheLoad/Others/Tool/Third/SMSDK/SMS_SDK",
				);
				GCC_PREFIX_HEADER = WalkedTheLoad/PrefixHeader.pch;
				HEADER_SEARCH_PATHS = "/Users/ourongxing/Desktop/练习/WalkedTheLoad/WalkedTheLoad/Others/Tool/Third/WXSDK";
				INFOPLIST_FILE = WalkedTheLoad/Info.plist;
				IPHONEOS_DEPLOYMENT_TARGET = 8.0;
				LD_RUNPATH_SEARCH_PATHS = "$(inherited) @executable_path/Frameworks";
				LIBRARY_SEARCH_PATHS = (
					"$(inherited)",
					"$(PROJECT_DIR)/WalkedTheLoad/Others/Tool/Third/WXSDK",
				);
				PRODUCT_BUNDLE_IDENTIFIER = com.2wei.WalkedTheLoad;
				PRODUCT_NAME = "$(TARGET_NAME)";
				PROVISIONING_PROFILE = "";
				USER_HEADER_SEARCH_PATHS = "$(PODS_ROOT)/**";
			};
			name = Debug;
		};
		5B8F69571D4B2EFD008C309B /* Release */ = {
			isa = XCBuildConfiguration;
			baseConfigurationReference = 24A71CBFEB67C59C69D49ADB /* Pods-WalkedTheLoad.release.xcconfig */;
			buildSettings = {
				ASSETCATALOG_COMPILER_APPICON_NAME = AppIcon;
				CODE_SIGN_IDENTITY = "iPhone Developer";
				"CODE_SIGN_IDENTITY[sdk=iphoneos*]" = "iPhone Developer";
				FRAMEWORK_SEARCH_PATHS = (
					"$(inherited)",
					"$(PROJECT_DIR)/WalkedTheLoad/Others/Tool/Third/SMSDK/SMS_SDK",
				);
				GCC_PREFIX_HEADER = WalkedTheLoad/PrefixHeader.pch;
				HEADER_SEARCH_PATHS = "/Users/ourongxing/Desktop/练习/WalkedTheLoad/WalkedTheLoad/Others/Tool/Third/WXSDK";
				INFOPLIST_FILE = WalkedTheLoad/Info.plist;
				IPHONEOS_DEPLOYMENT_TARGET = 8.0;
				LD_RUNPATH_SEARCH_PATHS = "$(inherited) @executable_path/Frameworks";
				LIBRARY_SEARCH_PATHS = (
					"$(inherited)",
					"$(PROJECT_DIR)/WalkedTheLoad/Others/Tool/Third/WXSDK",
				);
				PRODUCT_BUNDLE_IDENTIFIER = com.2wei.WalkedTheLoad;
				PRODUCT_NAME = "$(TARGET_NAME)";
				PROVISIONING_PROFILE = "";
				USER_HEADER_SEARCH_PATHS = "$(PODS_ROOT)/**";
			};
			name = Release;
		};
		5B8F69591D4B2EFD008C309B /* Debug */ = {
			isa = XCBuildConfiguration;
			baseConfigurationReference = A978008D85E58484CDCCEC75 /* Pods-WalkedTheLoadTests.debug.xcconfig */;
			buildSettings = {
				BUNDLE_LOADER = "$(TEST_HOST)";
				INFOPLIST_FILE = WalkedTheLoadTests/Info.plist;
				LD_RUNPATH_SEARCH_PATHS = "$(inherited) @executable_path/Frameworks @loader_path/Frameworks";
				PRODUCT_BUNDLE_IDENTIFIER = com.2wei.WalkedTheLoadTests;
				PRODUCT_NAME = "$(TARGET_NAME)";
				TEST_HOST = "$(BUILT_PRODUCTS_DIR)/WalkedTheLoad.app/WalkedTheLoad";
			};
			name = Debug;
		};
		5B8F695A1D4B2EFD008C309B /* Release */ = {
			isa = XCBuildConfiguration;
			baseConfigurationReference = 15F1E2638791E1789C1100DE /* Pods-WalkedTheLoadTests.release.xcconfig */;
			buildSettings = {
				BUNDLE_LOADER = "$(TEST_HOST)";
				INFOPLIST_FILE = WalkedTheLoadTests/Info.plist;
				LD_RUNPATH_SEARCH_PATHS = "$(inherited) @executable_path/Frameworks @loader_path/Frameworks";
				PRODUCT_BUNDLE_IDENTIFIER = com.2wei.WalkedTheLoadTests;
				PRODUCT_NAME = "$(TARGET_NAME)";
				TEST_HOST = "$(BUILT_PRODUCTS_DIR)/WalkedTheLoad.app/WalkedTheLoad";
			};
			name = Release;
		};
		5B8F695C1D4B2EFD008C309B /* Debug */ = {
			isa = XCBuildConfiguration;
			buildSettings = {
				INFOPLIST_FILE = WalkedTheLoadUITests/Info.plist;
				LD_RUNPATH_SEARCH_PATHS = "$(inherited) @executable_path/Frameworks @loader_path/Frameworks";
				PRODUCT_BUNDLE_IDENTIFIER = com.2wei.WalkedTheLoadUITests;
				PRODUCT_NAME = "$(TARGET_NAME)";
				TEST_TARGET_NAME = WalkedTheLoad;
			};
			name = Debug;
		};
		5B8F695D1D4B2EFD008C309B /* Release */ = {
			isa = XCBuildConfiguration;
			buildSettings = {
				INFOPLIST_FILE = WalkedTheLoadUITests/Info.plist;
				LD_RUNPATH_SEARCH_PATHS = "$(inherited) @executable_path/Frameworks @loader_path/Frameworks";
				PRODUCT_BUNDLE_IDENTIFIER = com.2wei.WalkedTheLoadUITests;
				PRODUCT_NAME = "$(TARGET_NAME)";
				TEST_TARGET_NAME = WalkedTheLoad;
			};
			name = Release;
		};
/* End XCBuildConfiguration section */

/* Begin XCConfigurationList section */
		5B8F69231D4B2EFD008C309B /* Build configuration list for PBXProject "WalkedTheLoad" */ = {
			isa = XCConfigurationList;
			buildConfigurations = (
				5B8F69531D4B2EFD008C309B /* Debug */,
				5B8F69541D4B2EFD008C309B /* Release */,
			);
			defaultConfigurationIsVisible = 0;
			defaultConfigurationName = Release;
		};
		5B8F69551D4B2EFD008C309B /* Build configuration list for PBXNativeTarget "WalkedTheLoad" */ = {
			isa = XCConfigurationList;
			buildConfigurations = (
				5B8F69561D4B2EFD008C309B /* Debug */,
				5B8F69571D4B2EFD008C309B /* Release */,
			);
			defaultConfigurationIsVisible = 0;
			defaultConfigurationName = Release;
		};
		5B8F69581D4B2EFD008C309B /* Build configuration list for PBXNativeTarget "WalkedTheLoadTests" */ = {
			isa = XCConfigurationList;
			buildConfigurations = (
				5B8F69591D4B2EFD008C309B /* Debug */,
				5B8F695A1D4B2EFD008C309B /* Release */,
			);
			defaultConfigurationIsVisible = 0;
			defaultConfigurationName = Release;
		};
		5B8F695B1D4B2EFD008C309B /* Build configuration list for PBXNativeTarget "WalkedTheLoadUITests" */ = {
			isa = XCConfigurationList;
			buildConfigurations = (
				5B8F695C1D4B2EFD008C309B /* Debug */,
				5B8F695D1D4B2EFD008C309B /* Release */,
			);
			defaultConfigurationIsVisible = 0;
			defaultConfigurationName = Release;
		};
/* End XCConfigurationList section */
	};
	rootObject = 5B8F69201D4B2EFD008C309B /* Project object */;
}
