// !$*UTF8*$!
{
	archiveVersion = 1;
	classes = {
	};
	objectVersion = 46;
	objects = {

/* Begin PBXBuildFile section */
		43796BE042C0F9972053D2F5 /* libPods-WalkedTheLoad.a in Frameworks */ = {isa = PBXBuildFile; fileRef = 16A55C5D1CAA0ADE8927EB64 /* libPods-WalkedTheLoad.a */; };
		5B24A27B1D4C506300950655 /* JYAllCity.m in Sources */ = {isa = PBXBuildFile; fileRef = 5B24A27A1D4C506300950655 /* JYAllCity.m */; };
		5B2E2E5C1D50821F0036DBC7 /* JYSearchBarCell.m in Sources */ = {isa = PBXBuildFile; fileRef = 5B2E2E5B1D50821F0036DBC7 /* JYSearchBarCell.m */; };
		5B599AF71D4C7E22002327A7 /* citydict.plist in Resources */ = {isa = PBXBuildFile; fileRef = 5B599AF61D4C7E22002327A7 /* citydict.plist */; };
		5B599AFA1D4C9337002327A7 /* JYHotCityCell.m in Sources */ = {isa = PBXBuildFile; fileRef = 5B599AF91D4C9337002327A7 /* JYHotCityCell.m */; };
		5B599AFD1D4CAB13002327A7 /* JYDataManager.m in Sources */ = {isa = PBXBuildFile; fileRef = 5B599AFC1D4CAB13002327A7 /* JYDataManager.m */; };
		5B8856CD1D4C476D007C3BAF /* citydata.plist in Resources */ = {isa = PBXBuildFile; fileRef = 5B8856CC1D4C476D007C3BAF /* citydata.plist */; };
		5B8856D01D4C4803007C3BAF /* JYLocation.m in Sources */ = {isa = PBXBuildFile; fileRef = 5B8856CF1D4C4803007C3BAF /* JYLocation.m */; };
		5B8856D31D4C48C7007C3BAF /* JYCityList.m in Sources */ = {isa = PBXBuildFile; fileRef = 5B8856D21D4C48C7007C3BAF /* JYCityList.m */; };
		5B8856D61D4C490D007C3BAF /* JYProvinceList.m in Sources */ = {isa = PBXBuildFile; fileRef = 5B8856D51D4C490D007C3BAF /* JYProvinceList.m */; };
		5B8856D91D4C4997007C3BAF /* JYArealist.m in Sources */ = {isa = PBXBuildFile; fileRef = 5B8856D81D4C4997007C3BAF /* JYArealist.m */; };
		5B8856DB1D4C4E62007C3BAF /* city.plist in Resources */ = {isa = PBXBuildFile; fileRef = 5B8856DA1D4C4E62007C3BAF /* city.plist */; };
		5B8F692D1D4B2EFD008C309B /* main.m in Sources */ = {isa = PBXBuildFile; fileRef = 5B8F692C1D4B2EFD008C309B /* main.m */; };
		5B8F69301D4B2EFD008C309B /* AppDelegate.m in Sources */ = {isa = PBXBuildFile; fileRef = 5B8F692F1D4B2EFD008C309B /* AppDelegate.m */; };
		5B8F69381D4B2EFD008C309B /* Assets.xcassets in Resources */ = {isa = PBXBuildFile; fileRef = 5B8F69371D4B2EFD008C309B /* Assets.xcassets */; };
		5B8F693B1D4B2EFD008C309B /* LaunchScreen.storyboard in Resources */ = {isa = PBXBuildFile; fileRef = 5B8F69391D4B2EFD008C309B /* LaunchScreen.storyboard */; };
		5B8F69461D4B2EFD008C309B /* WalkedTheLoadTests.m in Sources */ = {isa = PBXBuildFile; fileRef = 5B8F69451D4B2EFD008C309B /* WalkedTheLoadTests.m */; };
		5B8F69511D4B2EFD008C309B /* WalkedTheLoadUITests.m in Sources */ = {isa = PBXBuildFile; fileRef = 5B8F69501D4B2EFD008C309B /* WalkedTheLoadUITests.m */; };
		5B8F696F1D4B333F008C309B /* JYHomeController.m in Sources */ = {isa = PBXBuildFile; fileRef = 5B8F696E1D4B333F008C309B /* JYHomeController.m */; };
		5B8F697D1D4B4DCF008C309B /* JYNSString+Extension.m in Sources */ = {isa = PBXBuildFile; fileRef = 5B8F69781D4B4DCF008C309B /* JYNSString+Extension.m */; };
		5B8F697E1D4B4DCF008C309B /* UIImage+CKExtension.m in Sources */ = {isa = PBXBuildFile; fileRef = 5B8F697A1D4B4DCF008C309B /* UIImage+CKExtension.m */; };
		5B8F697F1D4B4DCF008C309B /* UIView+Extension.m in Sources */ = {isa = PBXBuildFile; fileRef = 5B8F697C1D4B4DCF008C309B /* UIView+Extension.m */; };
		5BA80A861D518734002D0999 /* JYCityData.m in Sources */ = {isa = PBXBuildFile; fileRef = 5BA80A851D518734002D0999 /* JYCityData.m */; };
		5BA80A8C1D51C105002D0999 /* JYLocationCell.m in Sources */ = {isa = PBXBuildFile; fileRef = 5BA80A8B1D51C105002D0999 /* JYLocationCell.m */; };
		5BA80A8F1D51CD80002D0999 /* JYCityShowCell.m in Sources */ = {isa = PBXBuildFile; fileRef = 5BA80A8E1D51CD80002D0999 /* JYCityShowCell.m */; };
		5BA80A921D51EDA4002D0999 /* JYEjectMenu.m in Sources */ = {isa = PBXBuildFile; fileRef = 5BA80A911D51EDA4002D0999 /* JYEjectMenu.m */; };
		6A695E063E9882AE5C9AB516 /* libPods-WalkedTheLoadTests.a in Frameworks */ = {isa = PBXBuildFile; fileRef = D91E430B43D0EF0CF9B769D6 /* libPods-WalkedTheLoadTests.a */; };
		843D106B1D50DFB200B547AF /* JYCityChoiceController.m in Sources */ = {isa = PBXBuildFile; fileRef = 843D106A1D50DFB200B547AF /* JYCityChoiceController.m */; };
		846A760E1D5237990017A4AC /* JYTabBarController.m in Sources */ = {isa = PBXBuildFile; fileRef = 846A760D1D5237990017A4AC /* JYTabBarController.m */; };
		846A761E1D5238F40017A4AC /* JYLifeController.m in Sources */ = {isa = PBXBuildFile; fileRef = 846A761D1D5238F40017A4AC /* JYLifeController.m */; };
		846A76211D5239060017A4AC /* JYMineController.m in Sources */ = {isa = PBXBuildFile; fileRef = 846A76201D5239060017A4AC /* JYMineController.m */; };
		846A76241D5239190017A4AC /* JYStudyController.m in Sources */ = {isa = PBXBuildFile; fileRef = 846A76231D5239190017A4AC /* JYStudyController.m */; };
		846A762D1D5239410017A4AC /* JYNewsController.m in Sources */ = {isa = PBXBuildFile; fileRef = 846A762C1D5239410017A4AC /* JYNewsController.m */; };
/* End PBXBuildFile section */

/* Begin PBXContainerItemProxy section */
		5B8F69421D4B2EFD008C309B /* PBXContainerItemProxy */ = {
			isa = PBXContainerItemProxy;
			containerPortal = 5B8F69201D4B2EFD008C309B /* Project object */;
			proxyType = 1;
			remoteGlobalIDString = 5B8F69271D4B2EFD008C309B;
			remoteInfo = WalkedTheLoad;
		};
		5B8F694D1D4B2EFD008C309B /* PBXContainerItemProxy */ = {
			isa = PBXContainerItemProxy;
			containerPortal = 5B8F69201D4B2EFD008C309B /* Project object */;
			proxyType = 1;
			remoteGlobalIDString = 5B8F69271D4B2EFD008C309B;
			remoteInfo = WalkedTheLoad;
		};
/* End PBXContainerItemProxy section */

/* Begin PBXFileReference section */
		15F1E2638791E1789C1100DE /* Pods-WalkedTheLoadTests.release.xcconfig */ = {isa = PBXFileReference; includeInIndex = 1; lastKnownFileType = text.xcconfig; name = "Pods-WalkedTheLoadTests.release.xcconfig"; path = "Pods/Target Support Files/Pods-WalkedTheLoadTests/Pods-WalkedTheLoadTests.release.xcconfig"; sourceTree = "<group>"; };
		16A55C5D1CAA0ADE8927EB64 /* libPods-WalkedTheLoad.a */ = {isa = PBXFileReference; explicitFileType = archive.ar; includeInIndex = 0; path = "libPods-WalkedTheLoad.a"; sourceTree = BUILT_PRODUCTS_DIR; };
		24A71CBFEB67C59C69D49ADB /* Pods-WalkedTheLoad.release.xcconfig */ = {isa = PBXFileReference; includeInIndex = 1; lastKnownFileType = text.xcconfig; name = "Pods-WalkedTheLoad.release.xcconfig"; path = "Pods/Target Support Files/Pods-WalkedTheLoad/Pods-WalkedTheLoad.release.xcconfig"; sourceTree = "<group>"; };
		4FD851DBF2DDD34C2861072C /* Pods-WalkedTheLoad.debug.xcconfig */ = {isa = PBXFileReference; includeInIndex = 1; lastKnownFileType = text.xcconfig; name = "Pods-WalkedTheLoad.debug.xcconfig"; path = "Pods/Target Support Files/Pods-WalkedTheLoad/Pods-WalkedTheLoad.debug.xcconfig"; sourceTree = "<group>"; };
		5B24A2791D4C506300950655 /* JYAllCity.h */ = {isa = PBXFileReference; fileEncoding = 4; lastKnownFileType = sourcecode.c.h; path = JYAllCity.h; sourceTree = "<group>"; };
		5B24A27A1D4C506300950655 /* JYAllCity.m */ = {isa = PBXFileReference; fileEncoding = 4; lastKnownFileType = sourcecode.c.objc; path = JYAllCity.m; sourceTree = "<group>"; };
		5B2E2E5A1D50821F0036DBC7 /* JYSearchBarCell.h */ = {isa = PBXFileReference; fileEncoding = 4; lastKnownFileType = sourcecode.c.h; path = JYSearchBarCell.h; sourceTree = "<group>"; };
		5B2E2E5B1D50821F0036DBC7 /* JYSearchBarCell.m */ = {isa = PBXFileReference; fileEncoding = 4; lastKnownFileType = sourcecode.c.objc; path = JYSearchBarCell.m; sourceTree = "<group>"; };
		5B599AF61D4C7E22002327A7 /* citydict.plist */ = {isa = PBXFileReference; fileEncoding = 4; lastKnownFileType = text.plist.xml; path = citydict.plist; sourceTree = "<group>"; };
		5B599AF81D4C9337002327A7 /* JYHotCityCell.h */ = {isa = PBXFileReference; fileEncoding = 4; lastKnownFileType = sourcecode.c.h; path = JYHotCityCell.h; sourceTree = "<group>"; };
		5B599AF91D4C9337002327A7 /* JYHotCityCell.m */ = {isa = PBXFileReference; fileEncoding = 4; lastKnownFileType = sourcecode.c.objc; path = JYHotCityCell.m; sourceTree = "<group>"; };
		5B599AFB1D4CAB13002327A7 /* JYDataManager.h */ = {isa = PBXFileReference; fileEncoding = 4; lastKnownFileType = sourcecode.c.h; path = JYDataManager.h; sourceTree = "<group>"; };
		5B599AFC1D4CAB13002327A7 /* JYDataManager.m */ = {isa = PBXFileReference; fileEncoding = 4; lastKnownFileType = sourcecode.c.objc; path = JYDataManager.m; sourceTree = "<group>"; };
		5B8856CC1D4C476D007C3BAF /* citydata.plist */ = {isa = PBXFileReference; fileEncoding = 4; lastKnownFileType = text.plist.xml; path = citydata.plist; sourceTree = "<group>"; };
		5B8856CE1D4C4803007C3BAF /* JYLocation.h */ = {isa = PBXFileReference; fileEncoding = 4; lastKnownFileType = sourcecode.c.h; path = JYLocation.h; sourceTree = "<group>"; };
		5B8856CF1D4C4803007C3BAF /* JYLocation.m */ = {isa = PBXFileReference; fileEncoding = 4; lastKnownFileType = sourcecode.c.objc; path = JYLocation.m; sourceTree = "<group>"; };
		5B8856D11D4C48C7007C3BAF /* JYCityList.h */ = {isa = PBXFileReference; fileEncoding = 4; lastKnownFileType = sourcecode.c.h; path = JYCityList.h; sourceTree = "<group>"; };
		5B8856D21D4C48C7007C3BAF /* JYCityList.m */ = {isa = PBXFileReference; fileEncoding = 4; lastKnownFileType = sourcecode.c.objc; path = JYCityList.m; sourceTree = "<group>"; };
		5B8856D41D4C490D007C3BAF /* JYProvinceList.h */ = {isa = PBXFileReference; fileEncoding = 4; lastKnownFileType = sourcecode.c.h; path = JYProvinceList.h; sourceTree = "<group>"; };
		5B8856D51D4C490D007C3BAF /* JYProvinceList.m */ = {isa = PBXFileReference; fileEncoding = 4; lastKnownFileType = sourcecode.c.objc; path = JYProvinceList.m; sourceTree = "<group>"; };
		5B8856D71D4C4997007C3BAF /* JYArealist.h */ = {isa = PBXFileReference; fileEncoding = 4; lastKnownFileType = sourcecode.c.h; path = JYArealist.h; sourceTree = "<group>"; };
		5B8856D81D4C4997007C3BAF /* JYArealist.m */ = {isa = PBXFileReference; fileEncoding = 4; lastKnownFileType = sourcecode.c.objc; path = JYArealist.m; sourceTree = "<group>"; };
		5B8856DA1D4C4E62007C3BAF /* city.plist */ = {isa = PBXFileReference; lastKnownFileType = file.bplist; path = city.plist; sourceTree = "<group>"; };
		5B8F69281D4B2EFD008C309B /* WalkedTheLoad.app */ = {isa = PBXFileReference; explicitFileType = wrapper.application; includeInIndex = 0; path = WalkedTheLoad.app; sourceTree = BUILT_PRODUCTS_DIR; };
		5B8F692C1D4B2EFD008C309B /* main.m */ = {isa = PBXFileReference; lastKnownFileType = sourcecode.c.objc; path = main.m; sourceTree = "<group>"; };
		5B8F692E1D4B2EFD008C309B /* AppDelegate.h */ = {isa = PBXFileReference; lastKnownFileType = sourcecode.c.h; name = AppDelegate.h; path = WalkedTheLoad/AppDelegate.h; sourceTree = SOURCE_ROOT; };
		5B8F692F1D4B2EFD008C309B /* AppDelegate.m */ = {isa = PBXFileReference; lastKnownFileType = sourcecode.c.objc; name = AppDelegate.m; path = WalkedTheLoad/AppDelegate.m; sourceTree = SOURCE_ROOT; };
		5B8F69371D4B2EFD008C309B /* Assets.xcassets */ = {isa = PBXFileReference; lastKnownFileType = folder.assetcatalog; path = Assets.xcassets; sourceTree = "<group>"; };
		5B8F693A1D4B2EFD008C309B /* Base */ = {isa = PBXFileReference; lastKnownFileType = file.storyboard; name = Base; path = Base.lproj/LaunchScreen.storyboard; sourceTree = "<group>"; };
		5B8F693C1D4B2EFD008C309B /* Info.plist */ = {isa = PBXFileReference; lastKnownFileType = text.plist.xml; path = Info.plist; sourceTree = "<group>"; };
		5B8F69411D4B2EFD008C309B /* WalkedTheLoadTests.xctest */ = {isa = PBXFileReference; explicitFileType = wrapper.cfbundle; includeInIndex = 0; path = WalkedTheLoadTests.xctest; sourceTree = BUILT_PRODUCTS_DIR; };
		5B8F69451D4B2EFD008C309B /* WalkedTheLoadTests.m */ = {isa = PBXFileReference; lastKnownFileType = sourcecode.c.objc; path = WalkedTheLoadTests.m; sourceTree = "<group>"; };
		5B8F69471D4B2EFD008C309B /* Info.plist */ = {isa = PBXFileReference; lastKnownFileType = text.plist.xml; path = Info.plist; sourceTree = "<group>"; };
		5B8F694C1D4B2EFD008C309B /* WalkedTheLoadUITests.xctest */ = {isa = PBXFileReference; explicitFileType = wrapper.cfbundle; includeInIndex = 0; path = WalkedTheLoadUITests.xctest; sourceTree = BUILT_PRODUCTS_DIR; };
		5B8F69501D4B2EFD008C309B /* WalkedTheLoadUITests.m */ = {isa = PBXFileReference; lastKnownFileType = sourcecode.c.objc; path = WalkedTheLoadUITests.m; sourceTree = "<group>"; };
		5B8F69521D4B2EFD008C309B /* Info.plist */ = {isa = PBXFileReference; lastKnownFileType = text.plist.xml; path = Info.plist; sourceTree = "<group>"; };
		5B8F696D1D4B333F008C309B /* JYHomeController.h */ = {isa = PBXFileReference; fileEncoding = 4; lastKnownFileType = sourcecode.c.h; path = JYHomeController.h; sourceTree = "<group>"; };
		5B8F696E1D4B333F008C309B /* JYHomeController.m */ = {isa = PBXFileReference; fileEncoding = 4; lastKnownFileType = sourcecode.c.objc; path = JYHomeController.m; sourceTree = "<group>"; };
		5B8F69701D4B33D4008C309B /* PrefixHeader.pch */ = {isa = PBXFileReference; lastKnownFileType = sourcecode.c.h; path = PrefixHeader.pch; sourceTree = "<group>"; };
		5B8F69711D4B344C008C309B /* JYHeader.h */ = {isa = PBXFileReference; lastKnownFileType = sourcecode.c.h; path = JYHeader.h; sourceTree = "<group>"; };
		5B8F69721D4B347C008C309B /* JYDefine.h */ = {isa = PBXFileReference; lastKnownFileType = sourcecode.c.h; path = JYDefine.h; sourceTree = "<group>"; };
		5B8F69771D4B4DCF008C309B /* JYNSString+Extension.h */ = {isa = PBXFileReference; fileEncoding = 4; lastKnownFileType = sourcecode.c.h; path = "JYNSString+Extension.h"; sourceTree = "<group>"; };
		5B8F69781D4B4DCF008C309B /* JYNSString+Extension.m */ = {isa = PBXFileReference; fileEncoding = 4; lastKnownFileType = sourcecode.c.objc; path = "JYNSString+Extension.m"; sourceTree = "<group>"; };
		5B8F69791D4B4DCF008C309B /* UIImage+CKExtension.h */ = {isa = PBXFileReference; fileEncoding = 4; lastKnownFileType = sourcecode.c.h; path = "UIImage+CKExtension.h"; sourceTree = "<group>"; };
		5B8F697A1D4B4DCF008C309B /* UIImage+CKExtension.m */ = {isa = PBXFileReference; fileEncoding = 4; lastKnownFileType = sourcecode.c.objc; path = "UIImage+CKExtension.m"; sourceTree = "<group>"; };
		5B8F697B1D4B4DCF008C309B /* UIView+Extension.h */ = {isa = PBXFileReference; fileEncoding = 4; lastKnownFileType = sourcecode.c.h; path = "UIView+Extension.h"; sourceTree = "<group>"; };
		5B8F697C1D4B4DCF008C309B /* UIView+Extension.m */ = {isa = PBXFileReference; fileEncoding = 4; lastKnownFileType = sourcecode.c.objc; path = "UIView+Extension.m"; sourceTree = "<group>"; };
		5B8F69831D4B5ADE008C309B /* JYNotes.h */ = {isa = PBXFileReference; lastKnownFileType = sourcecode.c.h; path = JYNotes.h; sourceTree = "<group>"; };
		5BA80A841D518733002D0999 /* JYCityData.h */ = {isa = PBXFileReference; fileEncoding = 4; lastKnownFileType = sourcecode.c.h; path = JYCityData.h; sourceTree = "<group>"; };
		5BA80A851D518734002D0999 /* JYCityData.m */ = {isa = PBXFileReference; fileEncoding = 4; lastKnownFileType = sourcecode.c.objc; path = JYCityData.m; sourceTree = "<group>"; };
		5BA80A8A1D51C105002D0999 /* JYLocationCell.h */ = {isa = PBXFileReference; fileEncoding = 4; lastKnownFileType = sourcecode.c.h; path = JYLocationCell.h; sourceTree = "<group>"; };
		5BA80A8B1D51C105002D0999 /* JYLocationCell.m */ = {isa = PBXFileReference; fileEncoding = 4; lastKnownFileType = sourcecode.c.objc; path = JYLocationCell.m; sourceTree = "<group>"; };
		5BA80A8D1D51CD80002D0999 /* JYCityShowCell.h */ = {isa = PBXFileReference; fileEncoding = 4; lastKnownFileType = sourcecode.c.h; path = JYCityShowCell.h; sourceTree = "<group>"; };
		5BA80A8E1D51CD80002D0999 /* JYCityShowCell.m */ = {isa = PBXFileReference; fileEncoding = 4; lastKnownFileType = sourcecode.c.objc; path = JYCityShowCell.m; sourceTree = "<group>"; };
		5BA80A901D51EDA4002D0999 /* JYEjectMenu.h */ = {isa = PBXFileReference; fileEncoding = 4; lastKnownFileType = sourcecode.c.h; path = JYEjectMenu.h; sourceTree = "<group>"; };
		5BA80A911D51EDA4002D0999 /* JYEjectMenu.m */ = {isa = PBXFileReference; fileEncoding = 4; lastKnownFileType = sourcecode.c.objc; path = JYEjectMenu.m; sourceTree = "<group>"; };
		843D10691D50DFB200B547AF /* JYCityChoiceController.h */ = {isa = PBXFileReference; fileEncoding = 4; lastKnownFileType = sourcecode.c.h; path = JYCityChoiceController.h; sourceTree = "<group>"; };
		843D106A1D50DFB200B547AF /* JYCityChoiceController.m */ = {isa = PBXFileReference; fileEncoding = 4; lastKnownFileType = sourcecode.c.objc; path = JYCityChoiceController.m; sourceTree = "<group>"; };
		846A760C1D5237990017A4AC /* JYTabBarController.h */ = {isa = PBXFileReference; fileEncoding = 4; lastKnownFileType = sourcecode.c.h; path = JYTabBarController.h; sourceTree = "<group>"; };
		846A760D1D5237990017A4AC /* JYTabBarController.m */ = {isa = PBXFileReference; fileEncoding = 4; lastKnownFileType = sourcecode.c.objc; path = JYTabBarController.m; sourceTree = "<group>"; };
		846A761C1D5238F40017A4AC /* JYLifeController.h */ = {isa = PBXFileReference; fileEncoding = 4; lastKnownFileType = sourcecode.c.h; path = JYLifeController.h; sourceTree = "<group>"; };
		846A761D1D5238F40017A4AC /* JYLifeController.m */ = {isa = PBXFileReference; fileEncoding = 4; lastKnownFileType = sourcecode.c.objc; path = JYLifeController.m; sourceTree = "<group>"; };
		846A761F1D5239060017A4AC /* JYMineController.h */ = {isa = PBXFileReference; fileEncoding = 4; lastKnownFileType = sourcecode.c.h; path = JYMineController.h; sourceTree = "<group>"; };
		846A76201D5239060017A4AC /* JYMineController.m */ = {isa = PBXFileReference; fileEncoding = 4; lastKnownFileType = sourcecode.c.objc; path = JYMineController.m; sourceTree = "<group>"; };
		846A76221D5239190017A4AC /* JYStudyController.h */ = {isa = PBXFileReference; fileEncoding = 4; lastKnownFileType = sourcecode.c.h; path = JYStudyController.h; sourceTree = "<group>"; };
		846A76231D5239190017A4AC /* JYStudyController.m */ = {isa = PBXFileReference; fileEncoding = 4; lastKnownFileType = sourcecode.c.objc; path = JYStudyController.m; sourceTree = "<group>"; };
		846A762B1D5239410017A4AC /* JYNewsController.h */ = {isa = PBXFileReference; fileEncoding = 4; lastKnownFileType = sourcecode.c.h; path = JYNewsController.h; sourceTree = "<group>"; };
		846A762C1D5239410017A4AC /* JYNewsController.m */ = {isa = PBXFileReference; fileEncoding = 4; lastKnownFileType = sourcecode.c.objc; path = JYNewsController.m; sourceTree = "<group>"; };
		A978008D85E58484CDCCEC75 /* Pods-WalkedTheLoadTests.debug.xcconfig */ = {isa = PBXFileReference; includeInIndex = 1; lastKnownFileType = text.xcconfig; name = "Pods-WalkedTheLoadTests.debug.xcconfig"; path = "Pods/Target Support Files/Pods-WalkedTheLoadTests/Pods-WalkedTheLoadTests.debug.xcconfig"; sourceTree = "<group>"; };
		D91E430B43D0EF0CF9B769D6 /* libPods-WalkedTheLoadTests.a */ = {isa = PBXFileReference; explicitFileType = archive.ar; includeInIndex = 0; path = "libPods-WalkedTheLoadTests.a"; sourceTree = BUILT_PRODUCTS_DIR; };
/* End PBXFileReference section */

/* Begin PBXFrameworksBuildPhase section */
		5B8F69251D4B2EFD008C309B /* Frameworks */ = {
			isa = PBXFrameworksBuildPhase;
			buildActionMask = 2147483647;
			files = (
				43796BE042C0F9972053D2F5 /* libPods-WalkedTheLoad.a in Frameworks */,
			);
			runOnlyForDeploymentPostprocessing = 0;
		};
		5B8F693E1D4B2EFD008C309B /* Frameworks */ = {
			isa = PBXFrameworksBuildPhase;
			buildActionMask = 2147483647;
			files = (
				6A695E063E9882AE5C9AB516 /* libPods-WalkedTheLoadTests.a in Frameworks */,
			);
			runOnlyForDeploymentPostprocessing = 0;
		};
		5B8F69491D4B2EFD008C309B /* Frameworks */ = {
			isa = PBXFrameworksBuildPhase;
			buildActionMask = 2147483647;
			files = (
			);
			runOnlyForDeploymentPostprocessing = 0;
		};
/* End PBXFrameworksBuildPhase section */

/* Begin PBXGroup section */
		400186E56CFD7A598D1D7DCC /* Frameworks */ = {
			isa = PBXGroup;
			children = (
				16A55C5D1CAA0ADE8927EB64 /* libPods-WalkedTheLoad.a */,
				D91E430B43D0EF0CF9B769D6 /* libPods-WalkedTheLoadTests.a */,
			);
			name = Frameworks;
			sourceTree = "<group>";
		};
		5B8F691F1D4B2EFD008C309B = {
			isa = PBXGroup;
			children = (
				5B8F692A1D4B2EFD008C309B /* WalkedTheLoad */,
				5B8F69441D4B2EFD008C309B /* WalkedTheLoadTests */,
				5B8F694F1D4B2EFD008C309B /* WalkedTheLoadUITests */,
				5B8F69291D4B2EFD008C309B /* Products */,
				60AF815046032D36DEFE6B58 /* Pods */,
				400186E56CFD7A598D1D7DCC /* Frameworks */,
			);
			sourceTree = "<group>";
		};
		5B8F69291D4B2EFD008C309B /* Products */ = {
			isa = PBXGroup;
			children = (
				5B8F69281D4B2EFD008C309B /* WalkedTheLoad.app */,
				5B8F69411D4B2EFD008C309B /* WalkedTheLoadTests.xctest */,
				5B8F694C1D4B2EFD008C309B /* WalkedTheLoadUITests.xctest */,
			);
			name = Products;
			sourceTree = "<group>";
		};
		5B8F692A1D4B2EFD008C309B /* WalkedTheLoad */ = {
			isa = PBXGroup;
			children = (
				5B8F69611D4B30C0008C309B /* AppDelegate */,
				5B8F69601D4B2F4F008C309B /* Studys  知识点 */,
				5B8F695E1D4B2F4F008C309B /* Notes   笔记 */,
				5B8F69621D4B30E8008C309B /* Sources   资源 */,
				5B8F69731D4B4DBF008C309B /* Others */,
				5B8F692B1D4B2EFD008C309B /* Supporting Files */,
			);
			path = WalkedTheLoad;
			sourceTree = "<group>";
		};
		5B8F692B1D4B2EFD008C309B /* Supporting Files */ = {
			isa = PBXGroup;
			children = (
				5B8F69371D4B2EFD008C309B /* Assets.xcassets */,
				5B8F69391D4B2EFD008C309B /* LaunchScreen.storyboard */,
				5B8F693C1D4B2EFD008C309B /* Info.plist */,
				5B8F692C1D4B2EFD008C309B /* main.m */,
				5B8F69701D4B33D4008C309B /* PrefixHeader.pch */,
			);
			name = "Supporting Files";
			sourceTree = "<group>";
		};
		5B8F69441D4B2EFD008C309B /* WalkedTheLoadTests */ = {
			isa = PBXGroup;
			children = (
				5B8F69451D4B2EFD008C309B /* WalkedTheLoadTests.m */,
				5B8F69471D4B2EFD008C309B /* Info.plist */,
			);
			path = WalkedTheLoadTests;
			sourceTree = "<group>";
		};
		5B8F694F1D4B2EFD008C309B /* WalkedTheLoadUITests */ = {
			isa = PBXGroup;
			children = (
				5B8F69501D4B2EFD008C309B /* WalkedTheLoadUITests.m */,
				5B8F69521D4B2EFD008C309B /* Info.plist */,
			);
			path = WalkedTheLoadUITests;
			sourceTree = "<group>";
		};
		5B8F695E1D4B2F4F008C309B /* Notes   笔记 */ = {
			isa = PBXGroup;
			children = (
				5B8F69831D4B5ADE008C309B /* JYNotes.h */,
			);
			name = "Notes   笔记";
			path = Notes;
			sourceTree = "<group>";
		};
		5B8F69601D4B2F4F008C309B /* Studys  知识点 */ = {
			isa = PBXGroup;
			children = (
				846A760B1D5237600017A4AC /* TabBar    底部tabBar  */,
				5B8F69631D4B3209008C309B /* Home    首页 */,
				846A760F1D5238560017A4AC /* Life    生活 */,
				846A76131D5238560017A4AC /* Mine   我的 */,
				846A76171D5238560017A4AC /* News    每天新鲜事 */,
				846A76181D5238560017A4AC /* Study   学习 */,
			);
			name = "Studys  知识点";
			path = Studys;
			sourceTree = "<group>";
		};
		5B8F69611D4B30C0008C309B /* AppDelegate */ = {
			isa = PBXGroup;
			children = (
				5B8F692E1D4B2EFD008C309B /* AppDelegate.h */,
				5B8F692F1D4B2EFD008C309B /* AppDelegate.m */,
			);
			path = AppDelegate;
			sourceTree = "<group>";
		};
		5B8F69621D4B30E8008C309B /* Sources   资源 */ = {
			isa = PBXGroup;
			children = (
				5B599AF61D4C7E22002327A7 /* citydict.plist */,
				5B8856DA1D4C4E62007C3BAF /* city.plist */,
				5B8856CC1D4C476D007C3BAF /* citydata.plist */,
				5B8F69711D4B344C008C309B /* JYHeader.h */,
				5B8F69721D4B347C008C309B /* JYDefine.h */,
			);
			name = "Sources   资源";
			path = Sources;
			sourceTree = "<group>";
		};
		5B8F69631D4B3209008C309B /* Home    首页 */ = {
			isa = PBXGroup;
			children = (
				5B8F69641D4B3209008C309B /* Controller */,
				5B8F69651D4B3209008C309B /* Model */,
				5B8F69661D4B3209008C309B /* View */,
				5B8F696C1D4B3301008C309B /* Describe */,
				5B8F69671D4B3267008C309B /* CityChoice    城市选择 */,
			);
			name = "Home    首页";
			path = Home;
			sourceTree = "<group>";
		};
		5B8F69641D4B3209008C309B /* Controller */ = {
			isa = PBXGroup;
			children = (
				5B8F696D1D4B333F008C309B /* JYHomeController.h */,
				5B8F696E1D4B333F008C309B /* JYHomeController.m */,
			);
			path = Controller;
			sourceTree = "<group>";
		};
		5B8F69651D4B3209008C309B /* Model */ = {
			isa = PBXGroup;
			children = (
			);
			path = Model;
			sourceTree = "<group>";
		};
		5B8F69661D4B3209008C309B /* View */ = {
			isa = PBXGroup;
			children = (
				5BA80A901D51EDA4002D0999 /* JYEjectMenu.h */,
				5BA80A911D51EDA4002D0999 /* JYEjectMenu.m */,
			);
			path = View;
			sourceTree = "<group>";
		};
		5B8F69671D4B3267008C309B /* CityChoice    城市选择 */ = {
			isa = PBXGroup;
			children = (
				5B8F69681D4B3267008C309B /* Controller */,
				5B8F69691D4B3267008C309B /* Model */,
				5B8F696A1D4B3267008C309B /* View */,
				5B8F696B1D4B32D4008C309B /* Describe */,
			);
			name = "CityChoice    城市选择";
			path = ../CityChoice;
			sourceTree = "<group>";
		};
		5B8F69681D4B3267008C309B /* Controller */ = {
			isa = PBXGroup;
			children = (
				843D10691D50DFB200B547AF /* JYCityChoiceController.h */,
				843D106A1D50DFB200B547AF /* JYCityChoiceController.m */,
			);
			path = Controller;
			sourceTree = "<group>";
		};
		5B8F69691D4B3267008C309B /* Model */ = {
			isa = PBXGroup;
			children = (
				5B8856D41D4C490D007C3BAF /* JYProvinceList.h */,
				5B8856D51D4C490D007C3BAF /* JYProvinceList.m */,
				5B8856D11D4C48C7007C3BAF /* JYCityList.h */,
				5B8856D21D4C48C7007C3BAF /* JYCityList.m */,
				5B8856D71D4C4997007C3BAF /* JYArealist.h */,
				5B8856D81D4C4997007C3BAF /* JYArealist.m */,
				5B24A2791D4C506300950655 /* JYAllCity.h */,
				5B24A27A1D4C506300950655 /* JYAllCity.m */,
				5BA80A841D518733002D0999 /* JYCityData.h */,
				5BA80A851D518734002D0999 /* JYCityData.m */,
			);
			path = Model;
			sourceTree = "<group>";
		};
		5B8F696A1D4B3267008C309B /* View */ = {
			isa = PBXGroup;
			children = (
				5B599AF81D4C9337002327A7 /* JYHotCityCell.h */,
				5B599AF91D4C9337002327A7 /* JYHotCityCell.m */,
				5B2E2E5A1D50821F0036DBC7 /* JYSearchBarCell.h */,
				5B2E2E5B1D50821F0036DBC7 /* JYSearchBarCell.m */,
				5BA80A8A1D51C105002D0999 /* JYLocationCell.h */,
				5BA80A8B1D51C105002D0999 /* JYLocationCell.m */,
				5BA80A8D1D51CD80002D0999 /* JYCityShowCell.h */,
				5BA80A8E1D51CD80002D0999 /* JYCityShowCell.m */,
			);
			path = View;
			sourceTree = "<group>";
		};
		5B8F696B1D4B32D4008C309B /* Describe */ = {
			isa = PBXGroup;
			children = (
			);
			name = Describe;
			path = View/Describe;
			sourceTree = "<group>";
		};
		5B8F696C1D4B3301008C309B /* Describe */ = {
			isa = PBXGroup;
			children = (
			);
			path = Describe;
			sourceTree = "<group>";
		};
		5B8F69731D4B4DBF008C309B /* Others */ = {
			isa = PBXGroup;
			children = (
				5B8F69741D4B4DBF008C309B /* Base */,
				5B8F69751D4B4DBF008C309B /* Category */,
				5B8F69761D4B4DBF008C309B /* Manager */,
			);
			path = Others;
			sourceTree = "<group>";
		};
		5B8F69741D4B4DBF008C309B /* Base */ = {
			isa = PBXGroup;
			children = (
				5B8856CE1D4C4803007C3BAF /* JYLocation.h */,
				5B8856CF1D4C4803007C3BAF /* JYLocation.m */,
			);
			path = Base;
			sourceTree = "<group>";
		};
		5B8F69751D4B4DBF008C309B /* Category */ = {
			isa = PBXGroup;
			children = (
				5B8F69771D4B4DCF008C309B /* JYNSString+Extension.h */,
				5B8F69781D4B4DCF008C309B /* JYNSString+Extension.m */,
				5B8F69791D4B4DCF008C309B /* UIImage+CKExtension.h */,
				5B8F697A1D4B4DCF008C309B /* UIImage+CKExtension.m */,
				5B8F697C1D4B4DCF008C309B /* UIView+Extension.m */,
				5B8F697B1D4B4DCF008C309B /* UIView+Extension.h */,
			);
			path = Category;
			sourceTree = "<group>";
		};
		5B8F69761D4B4DBF008C309B /* Manager */ = {
			isa = PBXGroup;
			children = (
				5B599AFB1D4CAB13002327A7 /* JYDataManager.h */,
				5B599AFC1D4CAB13002327A7 /* JYDataManager.m */,
			);
			path = Manager;
			sourceTree = "<group>";
		};
		60AF815046032D36DEFE6B58 /* Pods */ = {
			isa = PBXGroup;
			children = (
				4FD851DBF2DDD34C2861072C /* Pods-WalkedTheLoad.debug.xcconfig */,
				24A71CBFEB67C59C69D49ADB /* Pods-WalkedTheLoad.release.xcconfig */,
				A978008D85E58484CDCCEC75 /* Pods-WalkedTheLoadTests.debug.xcconfig */,
				15F1E2638791E1789C1100DE /* Pods-WalkedTheLoadTests.release.xcconfig */,
			);
			name = Pods;
			sourceTree = "<group>";
		};
		846A760B1D5237600017A4AC /* TabBar    底部tabBar  */ = {
			isa = PBXGroup;
			children = (
				846A760C1D5237990017A4AC /* JYTabBarController.h */,
				846A760D1D5237990017A4AC /* JYTabBarController.m */,
			);
			name = "TabBar    底部tabBar ";
			path = TabBar;
			sourceTree = "<group>";
		};
		846A760F1D5238560017A4AC /* Life    生活 */ = {
			isa = PBXGroup;
			children = (
				846A76101D5238560017A4AC /* Controller */,
				846A76111D5238560017A4AC /* Model */,
				846A76121D5238560017A4AC /* View */,
			);
			name = "Life    生活";
			path = Life;
			sourceTree = "<group>";
		};
		846A76101D5238560017A4AC /* Controller */ = {
			isa = PBXGroup;
			children = (
				846A761C1D5238F40017A4AC /* JYLifeController.h */,
				846A761D1D5238F40017A4AC /* JYLifeController.m */,
			);
			path = Controller;
			sourceTree = "<group>";
		};
		846A76111D5238560017A4AC /* Model */ = {
			isa = PBXGroup;
			children = (
			);
			path = Model;
			sourceTree = "<group>";
		};
		846A76121D5238560017A4AC /* View */ = {
			isa = PBXGroup;
			children = (
			);
			path = View;
			sourceTree = "<group>";
		};
		846A76131D5238560017A4AC /* Mine   我的 */ = {
			isa = PBXGroup;
			children = (
				846A76141D5238560017A4AC /* Controller */,
				846A76151D5238560017A4AC /* Model */,
				846A76161D5238560017A4AC /* View */,
			);
			name = "Mine   我的";
			path = Mine;
			sourceTree = "<group>";
		};
		846A76141D5238560017A4AC /* Controller */ = {
			isa = PBXGroup;
			children = (
				846A761F1D5239060017A4AC /* JYMineController.h */,
				846A76201D5239060017A4AC /* JYMineController.m */,
			);
			path = Controller;
			sourceTree = "<group>";
		};
		846A76151D5238560017A4AC /* Model */ = {
			isa = PBXGroup;
			children = (
			);
			path = Model;
			sourceTree = "<group>";
		};
		846A76161D5238560017A4AC /* View */ = {
			isa = PBXGroup;
			children = (
			);
			path = View;
			sourceTree = "<group>";
		};
		846A76171D5238560017A4AC /* News    每天新鲜事 */ = {
			isa = PBXGroup;
			children = (
				846A76251D52392F0017A4AC /* Controller */,
				846A76281D52392F0017A4AC /* Model */,
				846A76291D52392F0017A4AC /* View */,
			);
			name = "News    每天新鲜事";
			path = News;
			sourceTree = "<group>";
		};
		846A76181D5238560017A4AC /* Study   学习 */ = {
			isa = PBXGroup;
			children = (
				846A76191D5238560017A4AC /* Controller */,
				846A761A1D5238560017A4AC /* Model */,
				846A761B1D5238560017A4AC /* View */,
			);
			name = "Study   学习";
			path = Study;
			sourceTree = "<group>";
		};
		846A76191D5238560017A4AC /* Controller */ = {
			isa = PBXGroup;
			children = (
				846A76221D5239190017A4AC /* JYStudyController.h */,
				846A76231D5239190017A4AC /* JYStudyController.m */,
			);
			path = Controller;
			sourceTree = "<group>";
		};
		846A761A1D5238560017A4AC /* Model */ = {
			isa = PBXGroup;
			children = (
			);
			path = Model;
			sourceTree = "<group>";
		};
		846A761B1D5238560017A4AC /* View */ = {
			isa = PBXGroup;
			children = (
			);
			path = View;
			sourceTree = "<group>";
		};
		846A76251D52392F0017A4AC /* Controller */ = {
			isa = PBXGroup;
			children = (
				846A762B1D5239410017A4AC /* JYNewsController.h */,
				846A762C1D5239410017A4AC /* JYNewsController.m */,
			);
			path = Controller;
			sourceTree = "<group>";
		};
		846A76281D52392F0017A4AC /* Model */ = {
			isa = PBXGroup;
			children = (
			);
			path = Model;
			sourceTree = "<group>";
		};
		846A76291D52392F0017A4AC /* View */ = {
			isa = PBXGroup;
			children = (
			);
			path = View;
			sourceTree = "<group>";
		};
/* End PBXGroup section */

/* Begin PBXNativeTarget section */
		5B8F69271D4B2EFD008C309B /* WalkedTheLoad */ = {
			isa = PBXNativeTarget;
			buildConfigurationList = 5B8F69551D4B2EFD008C309B /* Build configuration list for PBXNativeTarget "WalkedTheLoad" */;
			buildPhases = (
				9CA31F82AFC401FBBD2C8579 /* [CP] Check Pods Manifest.lock */,
				5B8F69241D4B2EFD008C309B /* Sources */,
				5B8F69251D4B2EFD008C309B /* Frameworks */,
				5B8F69261D4B2EFD008C309B /* Resources */,
				73759D15C765C2439223016B /* [CP] Embed Pods Frameworks */,
				192DC8EACF43858F68B85537 /* [CP] Copy Pods Resources */,
			);
			buildRules = (
			);
			dependencies = (
			);
			name = WalkedTheLoad;
			productName = WalkedTheLoad;
			productReference = 5B8F69281D4B2EFD008C309B /* WalkedTheLoad.app */;
			productType = "com.apple.product-type.application";
		};
		5B8F69401D4B2EFD008C309B /* WalkedTheLoadTests */ = {
			isa = PBXNativeTarget;
			buildConfigurationList = 5B8F69581D4B2EFD008C309B /* Build configuration list for PBXNativeTarget "WalkedTheLoadTests" */;
			buildPhases = (
				1EB9C9347EFA637574E45F0B /* [CP] Check Pods Manifest.lock */,
				5B8F693D1D4B2EFD008C309B /* Sources */,
				5B8F693E1D4B2EFD008C309B /* Frameworks */,
				5B8F693F1D4B2EFD008C309B /* Resources */,
				DFDD02741E4BD6A783AF8DA6 /* [CP] Embed Pods Frameworks */,
				7541782653735E33049A2C84 /* [CP] Copy Pods Resources */,
			);
			buildRules = (
			);
			dependencies = (
				5B8F69431D4B2EFD008C309B /* PBXTargetDependency */,
			);
			name = WalkedTheLoadTests;
			productName = WalkedTheLoadTests;
			productReference = 5B8F69411D4B2EFD008C309B /* WalkedTheLoadTests.xctest */;
			productType = "com.apple.product-type.bundle.unit-test";
		};
		5B8F694B1D4B2EFD008C309B /* WalkedTheLoadUITests */ = {
			isa = PBXNativeTarget;
			buildConfigurationList = 5B8F695B1D4B2EFD008C309B /* Build configuration list for PBXNativeTarget "WalkedTheLoadUITests" */;
			buildPhases = (
				5B8F69481D4B2EFD008C309B /* Sources */,
				5B8F69491D4B2EFD008C309B /* Frameworks */,
				5B8F694A1D4B2EFD008C309B /* Resources */,
			);
			buildRules = (
			);
			dependencies = (
				5B8F694E1D4B2EFD008C309B /* PBXTargetDependency */,
			);
			name = WalkedTheLoadUITests;
			productName = WalkedTheLoadUITests;
			productReference = 5B8F694C1D4B2EFD008C309B /* WalkedTheLoadUITests.xctest */;
			productType = "com.apple.product-type.bundle.ui-testing";
		};
/* End PBXNativeTarget section */

/* Begin PBXProject section */
		5B8F69201D4B2EFD008C309B /* Project object */ = {
			isa = PBXProject;
			attributes = {
				CLASSPREFIX = JY;
				LastUpgradeCheck = 0730;
				ORGANIZATIONNAME = "丶九月";
				TargetAttributes = {
					5B8F69271D4B2EFD008C309B = {
						CreatedOnToolsVersion = 7.3.1;
						DevelopmentTeam = 6P9MQLZBKJ;
					};
					5B8F69401D4B2EFD008C309B = {
						CreatedOnToolsVersion = 7.3.1;
						TestTargetID = 5B8F69271D4B2EFD008C309B;
					};
					5B8F694B1D4B2EFD008C309B = {
						CreatedOnToolsVersion = 7.3.1;
						TestTargetID = 5B8F69271D4B2EFD008C309B;
					};
				};
			};
			buildConfigurationList = 5B8F69231D4B2EFD008C309B /* Build configuration list for PBXProject "WalkedTheLoad" */;
			compatibilityVersion = "Xcode 3.2";
			developmentRegion = English;
			hasScannedForEncodings = 0;
			knownRegions = (
				en,
				Base,
			);
			mainGroup = 5B8F691F1D4B2EFD008C309B;
			productRefGroup = 5B8F69291D4B2EFD008C309B /* Products */;
			projectDirPath = "";
			projectRoot = "";
			targets = (
				5B8F69271D4B2EFD008C309B /* WalkedTheLoad */,
				5B8F69401D4B2EFD008C309B /* WalkedTheLoadTests */,
				5B8F694B1D4B2EFD008C309B /* WalkedTheLoadUITests */,
			);
		};
/* End PBXProject section */

/* Begin PBXResourcesBuildPhase section */
		5B8F69261D4B2EFD008C309B /* Resources */ = {
			isa = PBXResourcesBuildPhase;
			buildActionMask = 2147483647;
			files = (
				5B599AF71D4C7E22002327A7 /* citydict.plist in Resources */,
				5B8F693B1D4B2EFD008C309B /* LaunchScreen.storyboard in Resources */,
				5B8856DB1D4C4E62007C3BAF /* city.plist in Resources */,
				5B8F69381D4B2EFD008C309B /* Assets.xcassets in Resources */,
				5B8856CD1D4C476D007C3BAF /* citydata.plist in Resources */,
			);
			runOnlyForDeploymentPostprocessing = 0;
		};
		5B8F693F1D4B2EFD008C309B /* Resources */ = {
			isa = PBXResourcesBuildPhase;
			buildActionMask = 2147483647;
			files = (
			);
			runOnlyForDeploymentPostprocessing = 0;
		};
		5B8F694A1D4B2EFD008C309B /* Resources */ = {
			isa = PBXResourcesBuildPhase;
			buildActionMask = 2147483647;
			files = (
			);
			runOnlyForDeploymentPostprocessing = 0;
		};
/* End PBXResourcesBuildPhase section */

/* Begin PBXShellScriptBuildPhase section */
		192DC8EACF43858F68B85537 /* [CP] Copy Pods Resources */ = {
			isa = PBXShellScriptBuildPhase;
			buildActionMask = 2147483647;
			files = (
			);
			inputPaths = (
			);
			name = "[CP] Copy Pods Resources";
			outputPaths = (
			);
			runOnlyForDeploymentPostprocessing = 0;
			shellPath = /bin/sh;
			shellScript = "\"${SRCROOT}/Pods/Target Support Files/Pods-WalkedTheLoad/Pods-WalkedTheLoad-resources.sh\"\n";
			showEnvVarsInLog = 0;
		};
		1EB9C9347EFA637574E45F0B /* [CP] Check Pods Manifest.lock */ = {
			isa = PBXShellScriptBuildPhase;
			buildActionMask = 2147483647;
			files = (
			);
			inputPaths = (
			);
			name = "[CP] Check Pods Manifest.lock";
			outputPaths = (
			);
			runOnlyForDeploymentPostprocessing = 0;
			shellPath = /bin/sh;
			shellScript = "diff \"${PODS_ROOT}/../Podfile.lock\" \"${PODS_ROOT}/Manifest.lock\" > /dev/null\nif [[ $? != 0 ]] ; then\n    cat << EOM\nerror: The sandbox is not in sync with the Podfile.lock. Run 'pod install' or update your CocoaPods installation.\nEOM\n    exit 1\nfi\n";
			showEnvVarsInLog = 0;
		};
		73759D15C765C2439223016B /* [CP] Embed Pods Frameworks */ = {
			isa = PBXShellScriptBuildPhase;
			buildActionMask = 2147483647;
			files = (
			);
			inputPaths = (
			);
			name = "[CP] Embed Pods Frameworks";
			outputPaths = (
			);
			runOnlyForDeploymentPostprocessing = 0;
			shellPath = /bin/sh;
			shellScript = "\"${SRCROOT}/Pods/Target Support Files/Pods-WalkedTheLoad/Pods-WalkedTheLoad-frameworks.sh\"\n";
			showEnvVarsInLog = 0;
		};
		7541782653735E33049A2C84 /* [CP] Copy Pods Resources */ = {
			isa = PBXShellScriptBuildPhase;
			buildActionMask = 2147483647;
			files = (
			);
			inputPaths = (
			);
			name = "[CP] Copy Pods Resources";
			outputPaths = (
			);
			runOnlyForDeploymentPostprocessing = 0;
			shellPath = /bin/sh;
			shellScript = "\"${SRCROOT}/Pods/Target Support Files/Pods-WalkedTheLoadTests/Pods-WalkedTheLoadTests-resources.sh\"\n";
			showEnvVarsInLog = 0;
		};
		9CA31F82AFC401FBBD2C8579 /* [CP] Check Pods Manifest.lock */ = {
			isa = PBXShellScriptBuildPhase;
			buildActionMask = 2147483647;
			files = (
			);
			inputPaths = (
			);
			name = "[CP] Check Pods Manifest.lock";
			outputPaths = (
			);
			runOnlyForDeploymentPostprocessing = 0;
			shellPath = /bin/sh;
			shellScript = "diff \"${PODS_ROOT}/../Podfile.lock\" \"${PODS_ROOT}/Manifest.lock\" > /dev/null\nif [[ $? != 0 ]] ; then\n    cat << EOM\nerror: The sandbox is not in sync with the Podfile.lock. Run 'pod install' or update your CocoaPods installation.\nEOM\n    exit 1\nfi\n";
			showEnvVarsInLog = 0;
		};
		DFDD02741E4BD6A783AF8DA6 /* [CP] Embed Pods Frameworks */ = {
			isa = PBXShellScriptBuildPhase;
			buildActionMask = 2147483647;
			files = (
			);
			inputPaths = (
			);
			name = "[CP] Embed Pods Frameworks";
			outputPaths = (
			);
			runOnlyForDeploymentPostprocessing = 0;
			shellPath = /bin/sh;
			shellScript = "\"${SRCROOT}/Pods/Target Support Files/Pods-WalkedTheLoadTests/Pods-WalkedTheLoadTests-frameworks.sh\"\n";
			showEnvVarsInLog = 0;
		};
/* End PBXShellScriptBuildPhase section */

/* Begin PBXSourcesBuildPhase section */
		5B8F69241D4B2EFD008C309B /* Sources */ = {
			isa = PBXSourcesBuildPhase;
			buildActionMask = 2147483647;
			files = (
				5B599AFD1D4CAB13002327A7 /* JYDataManager.m in Sources */,
				5B8F697F1D4B4DCF008C309B /* UIView+Extension.m in Sources */,
				5B8856D01D4C4803007C3BAF /* JYLocation.m in Sources */,
				5B8F697E1D4B4DCF008C309B /* UIImage+CKExtension.m in Sources */,
				5BA80A8F1D51CD80002D0999 /* JYCityShowCell.m in Sources */,
				5B24A27B1D4C506300950655 /* JYAllCity.m in Sources */,
				5B8F697D1D4B4DCF008C309B /* JYNSString+Extension.m in Sources */,
				846A76211D5239060017A4AC /* JYMineController.m in Sources */,
				5B8F69301D4B2EFD008C309B /* AppDelegate.m in Sources */,
				5B8856D61D4C490D007C3BAF /* JYProvinceList.m in Sources */,
				846A761E1D5238F40017A4AC /* JYLifeController.m in Sources */,
				5B2E2E5C1D50821F0036DBC7 /* JYSearchBarCell.m in Sources */,
				5B8F692D1D4B2EFD008C309B /* main.m in Sources */,
				5B8F696F1D4B333F008C309B /* JYHomeController.m in Sources */,
				5B8856D31D4C48C7007C3BAF /* JYCityList.m in Sources */,
				5B8856D91D4C4997007C3BAF /* JYArealist.m in Sources */,
				5BA80A861D518734002D0999 /* JYCityData.m in Sources */,
				846A762D1D5239410017A4AC /* JYNewsController.m in Sources */,
				843D106B1D50DFB200B547AF /* JYCityChoiceController.m in Sources */,
				5BA80A921D51EDA4002D0999 /* JYEjectMenu.m in Sources */,
				5BA80A8C1D51C105002D0999 /* JYLocationCell.m in Sources */,
				846A76241D5239190017A4AC /* JYStudyController.m in Sources */,
				846A760E1D5237990017A4AC /* JYTabBarController.m in Sources */,
				5B599AFA1D4C9337002327A7 /* JYHotCityCell.m in Sources */,
			);
			runOnlyForDeploymentPostprocessing = 0;
		};
		5B8F693D1D4B2EFD008C309B /* Sources */ = {
			isa = PBXSourcesBuildPhase;
			buildActionMask = 2147483647;
			files = (
				5B8F69461D4B2EFD008C309B /* WalkedTheLoadTests.m in Sources */,
			);
			runOnlyForDeploymentPostprocessing = 0;
		};
		5B8F69481D4B2EFD008C309B /* Sources */ = {
			isa = PBXSourcesBuildPhase;
			buildActionMask = 2147483647;
			files = (
				5B8F69511D4B2EFD008C309B /* WalkedTheLoadUITests.m in Sources */,
			);
			runOnlyForDeploymentPostprocessing = 0;
		};
/* End PBXSourcesBuildPhase section */

/* Begin PBXTargetDependency section */
		5B8F69431D4B2EFD008C309B /* PBXTargetDependency */ = {
			isa = PBXTargetDependency;
			target = 5B8F69271D4B2EFD008C309B /* WalkedTheLoad */;
			targetProxy = 5B8F69421D4B2EFD008C309B /* PBXContainerItemProxy */;
		};
		5B8F694E1D4B2EFD008C309B /* PBXTargetDependency */ = {
			isa = PBXTargetDependency;
			target = 5B8F69271D4B2EFD008C309B /* WalkedTheLoad */;
			targetProxy = 5B8F694D1D4B2EFD008C309B /* PBXContainerItemProxy */;
		};
/* End PBXTargetDependency section */

/* Begin PBXVariantGroup section */
		5B8F69391D4B2EFD008C309B /* LaunchScreen.storyboard */ = {
			isa = PBXVariantGroup;
			children = (
				5B8F693A1D4B2EFD008C309B /* Base */,
			);
			name = LaunchScreen.storyboard;
			sourceTree = "<group>";
		};
/* End PBXVariantGroup section */

/* Begin XCBuildConfiguration section */
		5B8F69531D4B2EFD008C309B /* Debug */ = {
			isa = XCBuildConfiguration;
			buildSettings = {
				ALWAYS_SEARCH_USER_PATHS = NO;
				CLANG_ANALYZER_NONNULL = YES;
				CLANG_CXX_LANGUAGE_STANDARD = "gnu++0x";
				CLANG_CXX_LIBRARY = "libc++";
				CLANG_ENABLE_MODULES = YES;
				CLANG_ENABLE_OBJC_ARC = YES;
				CLANG_WARN_BOOL_CONVERSION = YES;
				CLANG_WARN_CONSTANT_CONVERSION = YES;
				CLANG_WARN_DIRECT_OBJC_ISA_USAGE = YES_ERROR;
				CLANG_WARN_EMPTY_BODY = YES;
				CLANG_WARN_ENUM_CONVERSION = YES;
				CLANG_WARN_INT_CONVERSION = YES;
				CLANG_WARN_OBJC_ROOT_CLASS = YES_ERROR;
				CLANG_WARN_UNREACHABLE_CODE = YES;
				CLANG_WARN__DUPLICATE_METHOD_MATCH = YES;
				"CODE_SIGN_IDENTITY[sdk=iphoneos*]" = "iPhone Developer";
				COPY_PHASE_STRIP = NO;
				DEBUG_INFORMATION_FORMAT = dwarf;
				ENABLE_STRICT_OBJC_MSGSEND = YES;
				ENABLE_TESTABILITY = YES;
				GCC_C_LANGUAGE_STANDARD = gnu99;
				GCC_DYNAMIC_NO_PIC = NO;
				GCC_NO_COMMON_BLOCKS = YES;
				GCC_OPTIMIZATION_LEVEL = 0;
				GCC_PREPROCESSOR_DEFINITIONS = (
					"DEBUG=1",
					"$(inherited)",
				);
				GCC_WARN_64_TO_32_BIT_CONVERSION = YES;
				GCC_WARN_ABOUT_RETURN_TYPE = YES_ERROR;
				GCC_WARN_UNDECLARED_SELECTOR = YES;
				GCC_WARN_UNINITIALIZED_AUTOS = YES_AGGRESSIVE;
				GCC_WARN_UNUSED_FUNCTION = YES;
				GCC_WARN_UNUSED_VARIABLE = YES;
				IPHONEOS_DEPLOYMENT_TARGET = 9.3;
				MTL_ENABLE_DEBUG_INFO = YES;
				ONLY_ACTIVE_ARCH = YES;
				SDKROOT = iphoneos;
				TARGETED_DEVICE_FAMILY = "1,2";
			};
			name = Debug;
		};
		5B8F69541D4B2EFD008C309B /* Release */ = {
			isa = XCBuildConfiguration;
			buildSettings = {
				ALWAYS_SEARCH_USER_PATHS = NO;
				CLANG_ANALYZER_NONNULL = YES;
				CLANG_CXX_LANGUAGE_STANDARD = "gnu++0x";
				CLANG_CXX_LIBRARY = "libc++";
				CLANG_ENABLE_MODULES = YES;
				CLANG_ENABLE_OBJC_ARC = YES;
				CLANG_WARN_BOOL_CONVERSION = YES;
				CLANG_WARN_CONSTANT_CONVERSION = YES;
				CLANG_WARN_DIRECT_OBJC_ISA_USAGE = YES_ERROR;
				CLANG_WARN_EMPTY_BODY = YES;
				CLANG_WARN_ENUM_CONVERSION = YES;
				CLANG_WARN_INT_CONVERSION = YES;
				CLANG_WARN_OBJC_ROOT_CLASS = YES_ERROR;
				CLANG_WARN_UNREACHABLE_CODE = YES;
				CLANG_WARN__DUPLICATE_METHOD_MATCH = YES;
				"CODE_SIGN_IDENTITY[sdk=iphoneos*]" = "iPhone Developer";
				COPY_PHASE_STRIP = NO;
				DEBUG_INFORMATION_FORMAT = "dwarf-with-dsym";
				ENABLE_NS_ASSERTIONS = NO;
				ENABLE_STRICT_OBJC_MSGSEND = YES;
				GCC_C_LANGUAGE_STANDARD = gnu99;
				GCC_NO_COMMON_BLOCKS = YES;
				GCC_WARN_64_TO_32_BIT_CONVERSION = YES;
				GCC_WARN_ABOUT_RETURN_TYPE = YES_ERROR;
				GCC_WARN_UNDECLARED_SELECTOR = YES;
				GCC_WARN_UNINITIALIZED_AUTOS = YES_AGGRESSIVE;
				GCC_WARN_UNUSED_FUNCTION = YES;
				GCC_WARN_UNUSED_VARIABLE = YES;
				IPHONEOS_DEPLOYMENT_TARGET = 9.3;
				MTL_ENABLE_DEBUG_INFO = NO;
				SDKROOT = iphoneos;
				TARGETED_DEVICE_FAMILY = "1,2";
				VALIDATE_PRODUCT = YES;
			};
			name = Release;
		};
		5B8F69561D4B2EFD008C309B /* Debug */ = {
			isa = XCBuildConfiguration;
			baseConfigurationReference = 4FD851DBF2DDD34C2861072C /* Pods-WalkedTheLoad.debug.xcconfig */;
			buildSettings = {
				ASSETCATALOG_COMPILER_APPICON_NAME = AppIcon;
				CODE_SIGN_IDENTITY = "iPhone Developer";
				"CODE_SIGN_IDENTITY[sdk=iphoneos*]" = "iPhone Developer";
				GCC_PREFIX_HEADER = WalkedTheLoad/PrefixHeader.pch;
				HEADER_SEARCH_PATHS = "";
				INFOPLIST_FILE = WalkedTheLoad/Info.plist;
				IPHONEOS_DEPLOYMENT_TARGET = 8.0;
				LD_RUNPATH_SEARCH_PATHS = "$(inherited) @executable_path/Frameworks";
				PRODUCT_BUNDLE_IDENTIFIER = com.2wei.WalkedTheLoad;
				PRODUCT_NAME = "$(TARGET_NAME)";
				PROVISIONING_PROFILE = "";
				USER_HEADER_SEARCH_PATHS = "$(PODS_ROOT)/**";
			};
			name = Debug;
		};
		5B8F69571D4B2EFD008C309B /* Release */ = {
			isa = XCBuildConfiguration;
			baseConfigurationReference = 24A71CBFEB67C59C69D49ADB /* Pods-WalkedTheLoad.release.xcconfig */;
			buildSettings = {
				ASSETCATALOG_COMPILER_APPICON_NAME = AppIcon;
				CODE_SIGN_IDENTITY = "iPhone Developer";
				"CODE_SIGN_IDENTITY[sdk=iphoneos*]" = "iPhone Developer";
				GCC_PREFIX_HEADER = WalkedTheLoad/PrefixHeader.pch;
				HEADER_SEARCH_PATHS = "";
				INFOPLIST_FILE = WalkedTheLoad/Info.plist;
				IPHONEOS_DEPLOYMENT_TARGET = 8.0;
				LD_RUNPATH_SEARCH_PATHS = "$(inherited) @executable_path/Frameworks";
				PRODUCT_BUNDLE_IDENTIFIER = com.2wei.WalkedTheLoad;
				PRODUCT_NAME = "$(TARGET_NAME)";
				PROVISIONING_PROFILE = "";
				USER_HEADER_SEARCH_PATHS = "$(PODS_ROOT)/**";
			};
			name = Release;
		};
		5B8F69591D4B2EFD008C309B /* Debug */ = {
			isa = XCBuildConfiguration;
			baseConfigurationReference = A978008D85E58484CDCCEC75 /* Pods-WalkedTheLoadTests.debug.xcconfig */;
			buildSettings = {
				BUNDLE_LOADER = "$(TEST_HOST)";
				INFOPLIST_FILE = WalkedTheLoadTests/Info.plist;
				LD_RUNPATH_SEARCH_PATHS = "$(inherited) @executable_path/Frameworks @loader_path/Frameworks";
				PRODUCT_BUNDLE_IDENTIFIER = com.2wei.WalkedTheLoadTests;
				PRODUCT_NAME = "$(TARGET_NAME)";
				TEST_HOST = "$(BUILT_PRODUCTS_DIR)/WalkedTheLoad.app/WalkedTheLoad";
			};
			name = Debug;
		};
		5B8F695A1D4B2EFD008C309B /* Release */ = {
			isa = XCBuildConfiguration;
			baseConfigurationReference = 15F1E2638791E1789C1100DE /* Pods-WalkedTheLoadTests.release.xcconfig */;
			buildSettings = {
				BUNDLE_LOADER = "$(TEST_HOST)";
				INFOPLIST_FILE = WalkedTheLoadTests/Info.plist;
				LD_RUNPATH_SEARCH_PATHS = "$(inherited) @executable_path/Frameworks @loader_path/Frameworks";
				PRODUCT_BUNDLE_IDENTIFIER = com.2wei.WalkedTheLoadTests;
				PRODUCT_NAME = "$(TARGET_NAME)";
				TEST_HOST = "$(BUILT_PRODUCTS_DIR)/WalkedTheLoad.app/WalkedTheLoad";
			};
			name = Release;
		};
		5B8F695C1D4B2EFD008C309B /* Debug */ = {
			isa = XCBuildConfiguration;
			buildSettings = {
				INFOPLIST_FILE = WalkedTheLoadUITests/Info.plist;
				LD_RUNPATH_SEARCH_PATHS = "$(inherited) @executable_path/Frameworks @loader_path/Frameworks";
				PRODUCT_BUNDLE_IDENTIFIER = com.2wei.WalkedTheLoadUITests;
				PRODUCT_NAME = "$(TARGET_NAME)";
				TEST_TARGET_NAME = WalkedTheLoad;
			};
			name = Debug;
		};
		5B8F695D1D4B2EFD008C309B /* Release */ = {
			isa = XCBuildConfiguration;
			buildSettings = {
				INFOPLIST_FILE = WalkedTheLoadUITests/Info.plist;
				LD_RUNPATH_SEARCH_PATHS = "$(inherited) @executable_path/Frameworks @loader_path/Frameworks";
				PRODUCT_BUNDLE_IDENTIFIER = com.2wei.WalkedTheLoadUITests;
				PRODUCT_NAME = "$(TARGET_NAME)";
				TEST_TARGET_NAME = WalkedTheLoad;
			};
			name = Release;
		};
/* End XCBuildConfiguration section */

/* Begin XCConfigurationList section */
		5B8F69231D4B2EFD008C309B /* Build configuration list for PBXProject "WalkedTheLoad" */ = {
			isa = XCConfigurationList;
			buildConfigurations = (
				5B8F69531D4B2EFD008C309B /* Debug */,
				5B8F69541D4B2EFD008C309B /* Release */,
			);
			defaultConfigurationIsVisible = 0;
			defaultConfigurationName = Release;
		};
		5B8F69551D4B2EFD008C309B /* Build configuration list for PBXNativeTarget "WalkedTheLoad" */ = {
			isa = XCConfigurationList;
			buildConfigurations = (
				5B8F69561D4B2EFD008C309B /* Debug */,
				5B8F69571D4B2EFD008C309B /* Release */,
			);
			defaultConfigurationIsVisible = 0;
			defaultConfigurationName = Release;
		};
		5B8F69581D4B2EFD008C309B /* Build configuration list for PBXNativeTarget "WalkedTheLoadTests" */ = {
			isa = XCConfigurationList;
			buildConfigurations = (
				5B8F69591D4B2EFD008C309B /* Debug */,
				5B8F695A1D4B2EFD008C309B /* Release */,
			);
			defaultConfigurationIsVisible = 0;
			defaultConfigurationName = Release;
		};
		5B8F695B1D4B2EFD008C309B /* Build configuration list for PBXNativeTarget "WalkedTheLoadUITests" */ = {
			isa = XCConfigurationList;
			buildConfigurations = (
				5B8F695C1D4B2EFD008C309B /* Debug */,
				5B8F695D1D4B2EFD008C309B /* Release */,
			);
			defaultConfigurationIsVisible = 0;
			defaultConfigurationName = Release;
		};
/* End XCConfigurationList section */
	};
	rootObject = 5B8F69201D4B2EFD008C309B /* Project object */;
}
